
Microsoft Visual Studio Solution File, Format Version 12.00
# Visual Studio Version 16
VisualStudioVersion = 16.0.31424.327
MinimumVisualStudioVersion = 10.0.40219.1
Project("{8BC9CEB8-8B4A-11D0-8D11-00A0C91BC942}") = "51_FASPAP_01", "51_FASPAP_01\51_FASPAP_01.vcxproj", "{530D2E27-E17F-4DD7-95E5-307FE14A2B64}"
EndProject
Project("{8BC9CEB8-8B4A-11D0-8D11-00A0C91BC942}") = "52_FCPGSTSA_01", "52_FCPGSTSA_01\52_FCPGSTSA_01.vcxproj", "{540FAF0A-1982-4EAA-AE96-6631F5B73B00}"
EndProject
Project("{8BC9CEB8-8B4A-11D0-8D11-00A0C91BC942}") = "52_FCPGSTSA_02", "52_FCPGSTSA_02\52_FCPGSTSA_02.vcxproj", "{EC5909D9-3BDF-4B46-9CA9-FC2020EC629D}"
EndProject
Project("{8BC9CEB8-8B4A-11D0-8D11-00A0C91BC942}") = "53_PATSSS_01", "53_PATSSS_01\53_PATSSS_01.vcxproj", "{EC564570-C650-4514-BFD2-2A8844AC7805}"
EndProject
Project("{8BC9CEB8-8B4A-11D0-8D11-00A0C91BC942}") = "53_PATSSS_02", "53_PATSSS_02\53_PATSSS_02.vcxproj", "{681754CC-FC88-4385-AEDC-654DAC2B02D0}"
EndProject
Project("{8BC9CEB8-8B4A-11D0-8D11-00A0C91BC942}") = "54_FCDESK_01", "54_FCDESK_01\54_FCDESK_01.vcxproj", "{AFB0B508-5C64-4116-B865-D04B1C886C9E}"
EndProject
Project("{8BC9CEB8-8B4A-11D0-8D11-00A0C91BC942}") = "54_FCDESK_02", "54_FCDESK_02\54_FCDESK_02.vcxproj", "{4F0DA3C7-4EF1-45EE-8F2D-07F775B34FD6}"
EndProject
Project("{8BC9CEB8-8B4A-11D0-8D11-00A0C91BC942}") = "54_FCDESK_03", "54_FCDESK_03\54_FCDESK_03.vcxproj", "{D982C664-869F-4970-A845-053817F8B24A}"
EndProject
Project("{8BC9CEB8-8B4A-11D0-8D11-00A0C91BC942}") = "55_FTNMSFAD_01", "55_FTNMSFAD_01\55_FTNMSFAD_01.vcxproj", "{EC051FDD-9BAF-424E-B10B-66BD79BE8A67}"
EndProject
Project("{8BC9CEB8-8B4A-11D0-8D11-00A0C91BC942}") = "56_PASADE_01", "56_PASADE_01\56_PASADE_01.vcxproj", "{68E61C43-3FD0-4FDE-A24D-2A77D68974C8}"
EndProject
Project("{8BC9CEB8-8B4A-11D0-8D11-00A0C91BC942}") = "57_FTMPA_01", "57_FTMPA_01\57_FTMPA_01.vcxproj", "{58AF1778-5C81-4A13-8731-22D50D68ACB7}"
EndProject
Project("{8BC9CEB8-8B4A-11D0-8D11-00A0C91BC942}") = "57_FTMPA_02", "57_FTMPA_02\57_FTMPA_02.vcxproj", "{EF443196-E175-435E-B78A-F3210BF9C357}"
EndProject
Project("{8BC9CEB8-8B4A-11D0-8D11-00A0C91BC942}") = "58_FMIREA_01", "58_FMIREA_01\58_FMIREA_01.vcxproj", "{B62F89EB-71DC-498D-B0FD-14B56973F8CC}"
EndProject
Project("{8BC9CEB8-8B4A-11D0-8D11-00A0C91BC942}") = "59_FPMASA_01", "59_FPMASA_01\59_FPMASA_01.vcxproj", "{F2D8AFE6-A3A5-4D6B-96BC-851881C43B48}"
EndProject
Project("{8BC9CEB8-8B4A-11D0-8D11-00A0C91BC942}") = "60_FIMOEEP_01", "60_FIMOEEP_01\60_FIMOEEP_01.vcxproj", "{24AACAC1-A9B6-4ECB-A1D6-FC1A65B1FC96}"
EndProject
Global
	GlobalSection(SolutionConfigurationPlatforms) = preSolution
		Debug|x64 = Debug|x64
		Debug|x86 = Debug|x86
		Release|x64 = Release|x64
		Release|x86 = Release|x86
	EndGlobalSection
	GlobalSection(ProjectConfigurationPlatforms) = postSolution
		{530D2E27-E17F-4DD7-95E5-307FE14A2B64}.Debug|x64.ActiveCfg = Debug|x64
		{530D2E27-E17F-4DD7-95E5-307FE14A2B64}.Debug|x64.Build.0 = Debug|x64
		{530D2E27-E17F-4DD7-95E5-307FE14A2B64}.Debug|x86.ActiveCfg = Debug|Win32
		{530D2E27-E17F-4DD7-95E5-307FE14A2B64}.Debug|x86.Build.0 = Debug|Win32
		{530D2E27-E17F-4DD7-95E5-307FE14A2B64}.Release|x64.ActiveCfg = Release|x64
		{530D2E27-E17F-4DD7-95E5-307FE14A2B64}.Release|x64.Build.0 = Release|x64
		{530D2E27-E17F-4DD7-95E5-307FE14A2B64}.Release|x86.ActiveCfg = Release|Win32
		{530D2E27-E17F-4DD7-95E5-307FE14A2B64}.Release|x86.Build.0 = Release|Win32
		{540FAF0A-1982-4EAA-AE96-6631F5B73B00}.Debug|x64.ActiveCfg = Debug|x64
		{540FAF0A-1982-4EAA-AE96-6631F5B73B00}.Debug|x64.Build.0 = Debug|x64
		{540FAF0A-1982-4EAA-AE96-6631F5B73B00}.Debug|x86.ActiveCfg = Debug|Win32
		{540FAF0A-1982-4EAA-AE96-6631F5B73B00}.Debug|x86.Build.0 = Debug|Win32
		{540FAF0A-1982-4EAA-AE96-6631F5B73B00}.Release|x64.ActiveCfg = Release|x64
		{540FAF0A-1982-4EAA-AE96-6631F5B73B00}.Release|x64.Build.0 = Release|x64
		{540FAF0A-1982-4EAA-AE96-6631F5B73B00}.Release|x86.ActiveCfg = Release|Win32
		{540FAF0A-1982-4EAA-AE96-6631F5B73B00}.Release|x86.Build.0 = Release|Win32
		{EC5909D9-3BDF-4B46-9CA9-FC2020EC629D}.Debug|x64.ActiveCfg = Debug|x64
		{EC5909D9-3BDF-4B46-9CA9-FC2020EC629D}.Debug|x64.Build.0 = Debug|x64
		{EC5909D9-3BDF-4B46-9CA9-FC2020EC629D}.Debug|x86.ActiveCfg = Debug|Win32
		{EC5909D9-3BDF-4B46-9CA9-FC2020EC629D}.Debug|x86.Build.0 = Debug|Win32
		{EC5909D9-3BDF-4B46-9CA9-FC2020EC629D}.Release|x64.ActiveCfg = Release|x64
		{EC5909D9-3BDF-4B46-9CA9-FC2020EC629D}.Release|x64.Build.0 = Release|x64
		{EC5909D9-3BDF-4B46-9CA9-FC2020EC629D}.Release|x86.ActiveCfg = Release|Win32
		{EC5909D9-3BDF-4B46-9CA9-FC2020EC629D}.Release|x86.Build.0 = Release|Win32
		{EC564570-C650-4514-BFD2-2A8844AC7805}.Debug|x64.ActiveCfg = Debug|x64
		{EC564570-C650-4514-BFD2-2A8844AC7805}.Debug|x64.Build.0 = Debug|x64
		{EC564570-C650-4514-BFD2-2A8844AC7805}.Debug|x86.ActiveCfg = Debug|Win32
		{EC564570-C650-4514-BFD2-2A8844AC7805}.Debug|x86.Build.0 = Debug|Win32
		{EC564570-C650-4514-BFD2-2A8844AC7805}.Release|x64.ActiveCfg = Release|x64
		{EC564570-C650-4514-BFD2-2A8844AC7805}.Release|x64.Build.0 = Release|x64
		{EC564570-C650-4514-BFD2-2A8844AC7805}.Release|x86.ActiveCfg = Release|Win32
		{EC564570-C650-4514-BFD2-2A8844AC7805}.Release|x86.Build.0 = Release|Win32
		{681754CC-FC88-4385-AEDC-654DAC2B02D0}.Debug|x64.ActiveCfg = Debug|x64
		{681754CC-FC88-4385-AEDC-654DAC2B02D0}.Debug|x64.Build.0 = Debug|x64
		{681754CC-FC88-4385-AEDC-654DAC2B02D0}.Debug|x86.ActiveCfg = Debug|Win32
		{681754CC-FC88-4385-AEDC-654DAC2B02D0}.Debug|x86.Build.0 = Debug|Win32
		{681754CC-FC88-4385-AEDC-654DAC2B02D0}.Release|x64.ActiveCfg = Release|x64
		{681754CC-FC88-4385-AEDC-654DAC2B02D0}.Release|x64.Build.0 = Release|x64
		{681754CC-FC88-4385-AEDC-654DAC2B02D0}.Release|x86.ActiveCfg = Release|Win32
		{681754CC-FC88-4385-AEDC-654DAC2B02D0}.Release|x86.Build.0 = Release|Win32
		{AFB0B508-5C64-4116-B865-D04B1C886C9E}.Debug|x64.ActiveCfg = Debug|x64
		{AFB0B508-5C64-4116-B865-D04B1C886C9E}.Debug|x64.Build.0 = Debug|x64
		{AFB0B508-5C64-4116-B865-D04B1C886C9E}.Debug|x86.ActiveCfg = Debug|Win32
		{AFB0B508-5C64-4116-B865-D04B1C886C9E}.Debug|x86.Build.0 = Debug|Win32
		{AFB0B508-5C64-4116-B865-D04B1C886C9E}.Release|x64.ActiveCfg = Release|x64
		{AFB0B508-5C64-4116-B865-D04B1C886C9E}.Release|x64.Build.0 = Release|x64
		{AFB0B508-5C64-4116-B865-D04B1C886C9E}.Release|x86.ActiveCfg = Release|Win32
		{AFB0B508-5C64-4116-B865-D04B1C886C9E}.Release|x86.Build.0 = Release|Win32
		{4F0DA3C7-4EF1-45EE-8F2D-07F775B34FD6}.Debug|x64.ActiveCfg = Debug|x64
		{4F0DA3C7-4EF1-45EE-8F2D-07F775B34FD6}.Debug|x64.Build.0 = Debug|x64
		{4F0DA3C7-4EF1-45EE-8F2D-07F775B34FD6}.Debug|x86.ActiveCfg = Debug|Win32
		{4F0DA3C7-4EF1-45EE-8F2D-07F775B34FD6}.Debug|x86.Build.0 = Debug|Win32
		{4F0DA3C7-4EF1-45EE-8F2D-07F775B34FD6}.Release|x64.ActiveCfg = Release|x64
		{4F0DA3C7-4EF1-45EE-8F2D-07F775B34FD6}.Release|x64.Build.0 = Release|x64
		{4F0DA3C7-4EF1-45EE-8F2D-07F775B34FD6}.Release|x86.ActiveCfg = Release|Win32
		{4F0DA3C7-4EF1-45EE-8F2D-07F775B34FD6}.Release|x86.Build.0 = Release|Win32
		{D982C664-869F-4970-A845-053817F8B24A}.Debug|x64.ActiveCfg = Debug|x64
		{D982C664-869F-4970-A845-053817F8B24A}.Debug|x64.Build.0 = Debug|x64
		{D982C664-869F-4970-A845-053817F8B24A}.Debug|x86.ActiveCfg = Debug|Win32
		{D982C664-869F-4970-A845-053817F8B24A}.Debug|x86.Build.0 = Debug|Win32
		{D982C664-869F-4970-A845-053817F8B24A}.Release|x64.ActiveCfg = Release|x64
		{D982C664-869F-4970-A845-053817F8B24A}.Release|x64.Build.0 = Release|x64
		{D982C664-869F-4970-A845-053817F8B24A}.Release|x86.ActiveCfg = Release|Win32
		{D982C664-869F-4970-A845-053817F8B24A}.Release|x86.Build.0 = Release|Win32
		{EC051FDD-9BAF-424E-B10B-66BD79BE8A67}.Debug|x64.ActiveCfg = Debug|x64
		{EC051FDD-9BAF-424E-B10B-66BD79BE8A67}.Debug|x64.Build.0 = Debug|x64
		{EC051FDD-9BAF-424E-B10B-66BD79BE8A67}.Debug|x86.ActiveCfg = Debug|Win32
		{EC051FDD-9BAF-424E-B10B-66BD79BE8A67}.Debug|x86.Build.0 = Debug|Win32
		{EC051FDD-9BAF-424E-B10B-66BD79BE8A67}.Release|x64.ActiveCfg = Release|x64
		{EC051FDD-9BAF-424E-B10B-66BD79BE8A67}.Release|x64.Build.0 = Release|x64
		{EC051FDD-9BAF-424E-B10B-66BD79BE8A67}.Release|x86.ActiveCfg = Release|Win32
		{EC051FDD-9BAF-424E-B10B-66BD79BE8A67}.Release|x86.Build.0 = Release|Win32
		{68E61C43-3FD0-4FDE-A24D-2A77D68974C8}.Debug|x64.ActiveCfg = Debug|x64
		{68E61C43-3FD0-4FDE-A24D-2A77D68974C8}.Debug|x64.Build.0 = Debug|x64
		{68E61C43-3FD0-4FDE-A24D-2A77D68974C8}.Debug|x86.ActiveCfg = Debug|Win32
		{68E61C43-3FD0-4FDE-A24D-2A77D68974C8}.Debug|x86.Build.0 = Debug|Win32
		{68E61C43-3FD0-4FDE-A24D-2A77D68974C8}.Release|x64.ActiveCfg = Release|x64
		{68E61C43-3FD0-4FDE-A24D-2A77D68974C8}.Release|x64.Build.0 = Release|x64
		{68E61C43-3FD0-4FDE-A24D-2A77D68974C8}.Release|x86.ActiveCfg = Release|Win32
		{68E61C43-3FD0-4FDE-A24D-2A77D68974C8}.Release|x86.Build.0 = Release|Win32
		{58AF1778-5C81-4A13-8731-22D50D68ACB7}.Debug|x64.ActiveCfg = Debug|x64
		{58AF1778-5C81-4A13-8731-22D50D68ACB7}.Debug|x64.Build.0 = Debug|x64
		{58AF1778-5C81-4A13-8731-22D50D68ACB7}.Debug|x86.ActiveCfg = Debug|Win32
		{58AF1778-5C81-4A13-8731-22D50D68ACB7}.Debug|x86.Build.0 = Debug|Win32
		{58AF1778-5C81-4A13-8731-22D50D68ACB7}.Release|x64.ActiveCfg = Release|x64
		{58AF1778-5C81-4A13-8731-22D50D68ACB7}.Release|x64.Build.0 = Release|x64
		{58AF1778-5C81-4A13-8731-22D50D68ACB7}.Release|x86.ActiveCfg = Release|Win32
		{58AF1778-5C81-4A13-8731-22D50D68ACB7}.Release|x86.Build.0 = Release|Win32
		{EF443196-E175-435E-B78A-F3210BF9C357}.Debug|x64.ActiveCfg = Debug|x64
		{EF443196-E175-435E-B78A-F3210BF9C357}.Debug|x64.Build.0 = Debug|x64
		{EF443196-E175-435E-B78A-F3210BF9C357}.Debug|x86.ActiveCfg = Debug|Win32
		{EF443196-E175-435E-B78A-F3210BF9C357}.Debug|x86.Build.0 = Debug|Win32
		{EF443196-E175-435E-B78A-F3210BF9C357}.Release|x64.ActiveCfg = Release|x64
		{EF443196-E175-435E-B78A-F3210BF9C357}.Release|x64.Build.0 = Release|x64
		{EF443196-E175-435E-B78A-F3210BF9C357}.Release|x86.ActiveCfg = Release|Win32
		{EF443196-E175-435E-B78A-F3210BF9C357}.Release|x86.Build.0 = Release|Win32
		{B62F89EB-71DC-498D-B0FD-14B56973F8CC}.Debug|x64.ActiveCfg = Debug|x64
		{B62F89EB-71DC-498D-B0FD-14B56973F8CC}.Debug|x64.Build.0 = Debug|x64
		{B62F89EB-71DC-498D-B0FD-14B56973F8CC}.Debug|x86.ActiveCfg = Debug|Win32
		{B62F89EB-71DC-498D-B0FD-14B56973F8CC}.Debug|x86.Build.0 = Debug|Win32
		{B62F89EB-71DC-498D-B0FD-14B56973F8CC}.Release|x64.ActiveCfg = Release|x64
		{B62F89EB-71DC-498D-B0FD-14B56973F8CC}.Release|x64.Build.0 = Release|x64
		{B62F89EB-71DC-498D-B0FD-14B56973F8CC}.Release|x86.ActiveCfg = Release|Win32
		{B62F89EB-71DC-498D-B0FD-14B56973F8CC}.Release|x86.Build.0 = Release|Win32
		{F2D8AFE6-A3A5-4D6B-96BC-851881C43B48}.Debug|x64.ActiveCfg = Debug|x64
		{F2D8AFE6-A3A5-4D6B-96BC-851881C43B48}.Debug|x64.Build.0 = Debug|x64
		{F2D8AFE6-A3A5-4D6B-96BC-851881C43B48}.Debug|x86.ActiveCfg = Debug|Win32
		{F2D8AFE6-A3A5-4D6B-96BC-851881C43B48}.Debug|x86.Build.0 = Debug|Win32
		{F2D8AFE6-A3A5-4D6B-96BC-851881C43B48}.Release|x64.ActiveCfg = Release|x64
		{F2D8AFE6-A3A5-4D6B-96BC-851881C43B48}.Release|x64.Build.0 = Release|x64
		{F2D8AFE6-A3A5-4D6B-96BC-851881C43B48}.Release|x86.ActiveCfg = Release|Win32
		{F2D8AFE6-A3A5-4D6B-96BC-851881C43B48}.Release|x86.Build.0 = Release|Win32
		{24AACAC1-A9B6-4ECB-A1D6-FC1A65B1FC96}.Debug|x64.ActiveCfg = Debug|x64
		{24AACAC1-A9B6-4ECB-A1D6-FC1A65B1FC96}.Debug|x64.Build.0 = Debug|x64
		{24AACAC1-A9B6-4ECB-A1D6-FC1A65B1FC96}.Debug|x86.ActiveCfg = Debug|Win32
		{24AACAC1-A9B6-4ECB-A1D6-FC1A65B1FC96}.Debug|x86.Build.0 = Debug|Win32
		{24AACAC1-A9B6-4ECB-A1D6-FC1A65B1FC96}.Release|x64.ActiveCfg = Release|x64
		{24AACAC1-A9B6-4ECB-A1D6-FC1A65B1FC96}.Release|x64.Build.0 = Release|x64
		{24AACAC1-A9B6-4ECB-A1D6-FC1A65B1FC96}.Release|x86.ActiveCfg = Release|Win32
		{24AACAC1-A9B6-4ECB-A1D6-FC1A65B1FC96}.Release|x86.Build.0 = Release|Win32
	EndGlobalSection
	GlobalSection(SolutionProperties) = preSolution
		HideSolutionNode = FALSE
	EndGlobalSection
	GlobalSection(ExtensibilityGlobals) = postSolution
		SolutionGuid = {5436DA10-3CB4-4D47-9B00-55E240EDD4A7}
	EndGlobalSection
EndGlobal
