
Microsoft Visual Studio Solution File, Format Version 12.00
# Visual Studio Version 16
VisualStudioVersion = 16.0.31313.79
MinimumVisualStudioVersion = 10.0.40219.1
Project("{8BC9CEB8-8B4A-11D0-8D11-00A0C91BC942}") = "21_PCSMS_01", "21_PCSMS_01\21_PCSMS_01.vcxproj", "{D71F7435-4773-44F6-944D-CA285E83E539}"
EndProject
Project("{8BC9CEB8-8B4A-11D0-8D11-00A0C91BC942}") = "22_MSCS_01", "22_MSCS_01\22_MSCS_01.vcxproj", "{0BE9B8A6-DED9-44DE-AB6E-E56A42B316D6}"
EndProject
Project("{8BC9CEB8-8B4A-11D0-8D11-00A0C91BC942}") = "23_FADCGL_01", "23_FADCGL_01\23_FADCGL_01.vcxproj", "{C3DA3B13-2401-458E-942A-3F48968ECC9D}"
EndProject
Project("{8BC9CEB8-8B4A-11D0-8D11-00A0C91BC942}") = "23_FADCGL_02", "23_FADCGL_02\23_FADCGL_02.vcxproj", "{A0238247-1965-4A1D-BB7F-6EC20FDA9A1E}"
EndProject
Project("{8BC9CEB8-8B4A-11D0-8D11-00A0C91BC942}") = "24_FADCGL_01", "24_FADCGL_01\24_FADCGL_01.vcxproj", "{43D52D08-8BD4-4A39-91A2-0B4D7FBFFF6B}"
EndProject
Project("{8BC9CEB8-8B4A-11D0-8D11-00A0C91BC942}") = "24_FADCGL_02", "24_FADCGL_02\24_FADCGL_02.vcxproj", "{49CA10EE-D625-4A7D-88DD-CC5FDB6B7769}"
EndProject
Project("{8BC9CEB8-8B4A-11D0-8D11-00A0C91BC942}") = "25_FMSCO_01", "25_FMSCO_01\25_FMSCO_01.vcxproj", "{8D1B6A9E-0EC0-4AC5-807D-EDF2EB7CDAB2}"
EndProject
Project("{8BC9CEB8-8B4A-11D0-8D11-00A0C91BC942}") = "26_FMSSSK_01", "26_FMSSSK_01\26_FMSSSK_01.vcxproj", "{8478ABCC-55C6-4B14-9D28-D2DA9151A1CF}"
EndProject
Project("{8BC9CEB8-8B4A-11D0-8D11-00A0C91BC942}") = "27_MPSP_01", "27_MPSP_01\27_MPSP_01.vcxproj", "{E9036C8A-109E-4B8F-A972-BE6C6A21B0FB}"
EndProject
Project("{8BC9CEB8-8B4A-11D0-8D11-00A0C91BC942}") = "28_FSGSA_01", "28_FSGSA_01\28_FSGSA_01.vcxproj", "{0CA64FB5-CB94-471F-93E2-DDC54F73F728}"
EndProject
Project("{8BC9CEB8-8B4A-11D0-8D11-00A0C91BC942}") = "28_FSGSA_02", "28_FSGSA_02\28_FSGSA_02.vcxproj", "{04A0BDAD-DE6F-4FE4-B978-FA4BCEAF0292}"
EndProject
Project("{8BC9CEB8-8B4A-11D0-8D11-00A0C91BC942}") = "28_FSGSA_03", "28_FSGSA_03\28_FSGSA_03.vcxproj", "{D53C0D5D-09B5-4FB4-B3C4-169AFEDAAB69}"
EndProject
Project("{8BC9CEB8-8B4A-11D0-8D11-00A0C91BC942}") = "29_FSSSGK_01", "29_FSSSGK_01\29_FSSSGK_01.vcxproj", "{3F6E2ED2-B8CE-494C-BF5F-CD2C1B1CDB46}"
EndProject
Project("{8BC9CEB8-8B4A-11D0-8D11-00A0C91BC942}") = "30_FSWASSEA_01", "30_FSWASSEA_01\30_FSWASSEA_01.vcxproj", "{CDDA7B01-1186-42B9-84F7-40853F3883CC}"
EndProject
Global
	GlobalSection(SolutionConfigurationPlatforms) = preSolution
		Debug|x64 = Debug|x64
		Debug|x86 = Debug|x86
		Release|x64 = Release|x64
		Release|x86 = Release|x86
	EndGlobalSection
	GlobalSection(ProjectConfigurationPlatforms) = postSolution
		{D71F7435-4773-44F6-944D-CA285E83E539}.Debug|x64.ActiveCfg = Debug|x64
		{D71F7435-4773-44F6-944D-CA285E83E539}.Debug|x64.Build.0 = Debug|x64
		{D71F7435-4773-44F6-944D-CA285E83E539}.Debug|x86.ActiveCfg = Debug|Win32
		{D71F7435-4773-44F6-944D-CA285E83E539}.Debug|x86.Build.0 = Debug|Win32
		{D71F7435-4773-44F6-944D-CA285E83E539}.Release|x64.ActiveCfg = Release|x64
		{D71F7435-4773-44F6-944D-CA285E83E539}.Release|x64.Build.0 = Release|x64
		{D71F7435-4773-44F6-944D-CA285E83E539}.Release|x86.ActiveCfg = Release|Win32
		{D71F7435-4773-44F6-944D-CA285E83E539}.Release|x86.Build.0 = Release|Win32
		{0BE9B8A6-DED9-44DE-AB6E-E56A42B316D6}.Debug|x64.ActiveCfg = Debug|x64
		{0BE9B8A6-DED9-44DE-AB6E-E56A42B316D6}.Debug|x64.Build.0 = Debug|x64
		{0BE9B8A6-DED9-44DE-AB6E-E56A42B316D6}.Debug|x86.ActiveCfg = Debug|Win32
		{0BE9B8A6-DED9-44DE-AB6E-E56A42B316D6}.Debug|x86.Build.0 = Debug|Win32
		{0BE9B8A6-DED9-44DE-AB6E-E56A42B316D6}.Release|x64.ActiveCfg = Release|x64
		{0BE9B8A6-DED9-44DE-AB6E-E56A42B316D6}.Release|x64.Build.0 = Release|x64
		{0BE9B8A6-DED9-44DE-AB6E-E56A42B316D6}.Release|x86.ActiveCfg = Release|Win32
		{0BE9B8A6-DED9-44DE-AB6E-E56A42B316D6}.Release|x86.Build.0 = Release|Win32
		{C3DA3B13-2401-458E-942A-3F48968ECC9D}.Debug|x64.ActiveCfg = Debug|x64
		{C3DA3B13-2401-458E-942A-3F48968ECC9D}.Debug|x64.Build.0 = Debug|x64
		{C3DA3B13-2401-458E-942A-3F48968ECC9D}.Debug|x86.ActiveCfg = Debug|Win32
		{C3DA3B13-2401-458E-942A-3F48968ECC9D}.Debug|x86.Build.0 = Debug|Win32
		{C3DA3B13-2401-458E-942A-3F48968ECC9D}.Release|x64.ActiveCfg = Release|x64
		{C3DA3B13-2401-458E-942A-3F48968ECC9D}.Release|x64.Build.0 = Release|x64
		{C3DA3B13-2401-458E-942A-3F48968ECC9D}.Release|x86.ActiveCfg = Release|Win32
		{C3DA3B13-2401-458E-942A-3F48968ECC9D}.Release|x86.Build.0 = Release|Win32
		{A0238247-1965-4A1D-BB7F-6EC20FDA9A1E}.Debug|x64.ActiveCfg = Debug|x64
		{A0238247-1965-4A1D-BB7F-6EC20FDA9A1E}.Debug|x64.Build.0 = Debug|x64
		{A0238247-1965-4A1D-BB7F-6EC20FDA9A1E}.Debug|x86.ActiveCfg = Debug|Win32
		{A0238247-1965-4A1D-BB7F-6EC20FDA9A1E}.Debug|x86.Build.0 = Debug|Win32
		{A0238247-1965-4A1D-BB7F-6EC20FDA9A1E}.Release|x64.ActiveCfg = Release|x64
		{A0238247-1965-4A1D-BB7F-6EC20FDA9A1E}.Release|x64.Build.0 = Release|x64
		{A0238247-1965-4A1D-BB7F-6EC20FDA9A1E}.Release|x86.ActiveCfg = Release|Win32
		{A0238247-1965-4A1D-BB7F-6EC20FDA9A1E}.Release|x86.Build.0 = Release|Win32
		{43D52D08-8BD4-4A39-91A2-0B4D7FBFFF6B}.Debug|x64.ActiveCfg = Debug|x64
		{43D52D08-8BD4-4A39-91A2-0B4D7FBFFF6B}.Debug|x64.Build.0 = Debug|x64
		{43D52D08-8BD4-4A39-91A2-0B4D7FBFFF6B}.Debug|x86.ActiveCfg = Debug|Win32
		{43D52D08-8BD4-4A39-91A2-0B4D7FBFFF6B}.Debug|x86.Build.0 = Debug|Win32
		{43D52D08-8BD4-4A39-91A2-0B4D7FBFFF6B}.Release|x64.ActiveCfg = Release|x64
		{43D52D08-8BD4-4A39-91A2-0B4D7FBFFF6B}.Release|x64.Build.0 = Release|x64
		{43D52D08-8BD4-4A39-91A2-0B4D7FBFFF6B}.Release|x86.ActiveCfg = Release|Win32
		{43D52D08-8BD4-4A39-91A2-0B4D7FBFFF6B}.Release|x86.Build.0 = Release|Win32
		{49CA10EE-D625-4A7D-88DD-CC5FDB6B7769}.Debug|x64.ActiveCfg = Debug|x64
		{49CA10EE-D625-4A7D-88DD-CC5FDB6B7769}.Debug|x64.Build.0 = Debug|x64
		{49CA10EE-D625-4A7D-88DD-CC5FDB6B7769}.Debug|x86.ActiveCfg = Debug|Win32
		{49CA10EE-D625-4A7D-88DD-CC5FDB6B7769}.Debug|x86.Build.0 = Debug|Win32
		{49CA10EE-D625-4A7D-88DD-CC5FDB6B7769}.Release|x64.ActiveCfg = Release|x64
		{49CA10EE-D625-4A7D-88DD-CC5FDB6B7769}.Release|x64.Build.0 = Release|x64
		{49CA10EE-D625-4A7D-88DD-CC5FDB6B7769}.Release|x86.ActiveCfg = Release|Win32
		{49CA10EE-D625-4A7D-88DD-CC5FDB6B7769}.Release|x86.Build.0 = Release|Win32
		{8D1B6A9E-0EC0-4AC5-807D-EDF2EB7CDAB2}.Debug|x64.ActiveCfg = Debug|x64
		{8D1B6A9E-0EC0-4AC5-807D-EDF2EB7CDAB2}.Debug|x64.Build.0 = Debug|x64
		{8D1B6A9E-0EC0-4AC5-807D-EDF2EB7CDAB2}.Debug|x86.ActiveCfg = Debug|Win32
		{8D1B6A9E-0EC0-4AC5-807D-EDF2EB7CDAB2}.Debug|x86.Build.0 = Debug|Win32
		{8D1B6A9E-0EC0-4AC5-807D-EDF2EB7CDAB2}.Release|x64.ActiveCfg = Release|x64
		{8D1B6A9E-0EC0-4AC5-807D-EDF2EB7CDAB2}.Release|x64.Build.0 = Release|x64
		{8D1B6A9E-0EC0-4AC5-807D-EDF2EB7CDAB2}.Release|x86.ActiveCfg = Release|Win32
		{8D1B6A9E-0EC0-4AC5-807D-EDF2EB7CDAB2}.Release|x86.Build.0 = Release|Win32
		{8478ABCC-55C6-4B14-9D28-D2DA9151A1CF}.Debug|x64.ActiveCfg = Debug|x64
		{8478ABCC-55C6-4B14-9D28-D2DA9151A1CF}.Debug|x64.Build.0 = Debug|x64
		{8478ABCC-55C6-4B14-9D28-D2DA9151A1CF}.Debug|x86.ActiveCfg = Debug|Win32
		{8478ABCC-55C6-4B14-9D28-D2DA9151A1CF}.Debug|x86.Build.0 = Debug|Win32
		{8478ABCC-55C6-4B14-9D28-D2DA9151A1CF}.Release|x64.ActiveCfg = Release|x64
		{8478ABCC-55C6-4B14-9D28-D2DA9151A1CF}.Release|x64.Build.0 = Release|x64
		{8478ABCC-55C6-4B14-9D28-D2DA9151A1CF}.Release|x86.ActiveCfg = Release|Win32
		{8478ABCC-55C6-4B14-9D28-D2DA9151A1CF}.Release|x86.Build.0 = Release|Win32
		{E9036C8A-109E-4B8F-A972-BE6C6A21B0FB}.Debug|x64.ActiveCfg = Debug|x64
		{E9036C8A-109E-4B8F-A972-BE6C6A21B0FB}.Debug|x64.Build.0 = Debug|x64
		{E9036C8A-109E-4B8F-A972-BE6C6A21B0FB}.Debug|x86.ActiveCfg = Debug|Win32
		{E9036C8A-109E-4B8F-A972-BE6C6A21B0FB}.Debug|x86.Build.0 = Debug|Win32
		{E9036C8A-109E-4B8F-A972-BE6C6A21B0FB}.Release|x64.ActiveCfg = Release|x64
		{E9036C8A-109E-4B8F-A972-BE6C6A21B0FB}.Release|x64.Build.0 = Release|x64
		{E9036C8A-109E-4B8F-A972-BE6C6A21B0FB}.Release|x86.ActiveCfg = Release|Win32
		{E9036C8A-109E-4B8F-A972-BE6C6A21B0FB}.Release|x86.Build.0 = Release|Win32
		{0CA64FB5-CB94-471F-93E2-DDC54F73F728}.Debug|x64.ActiveCfg = Debug|x64
		{0CA64FB5-CB94-471F-93E2-DDC54F73F728}.Debug|x64.Build.0 = Debug|x64
		{0CA64FB5-CB94-471F-93E2-DDC54F73F728}.Debug|x86.ActiveCfg = Debug|Win32
		{0CA64FB5-CB94-471F-93E2-DDC54F73F728}.Debug|x86.Build.0 = Debug|Win32
		{0CA64FB5-CB94-471F-93E2-DDC54F73F728}.Release|x64.ActiveCfg = Release|x64
		{0CA64FB5-CB94-471F-93E2-DDC54F73F728}.Release|x64.Build.0 = Release|x64
		{0CA64FB5-CB94-471F-93E2-DDC54F73F728}.Release|x86.ActiveCfg = Release|Win32
		{0CA64FB5-CB94-471F-93E2-DDC54F73F728}.Release|x86.Build.0 = Release|Win32
		{04A0BDAD-DE6F-4FE4-B978-FA4BCEAF0292}.Debug|x64.ActiveCfg = Debug|x64
		{04A0BDAD-DE6F-4FE4-B978-FA4BCEAF0292}.Debug|x64.Build.0 = Debug|x64
		{04A0BDAD-DE6F-4FE4-B978-FA4BCEAF0292}.Debug|x86.ActiveCfg = Debug|Win32
		{04A0BDAD-DE6F-4FE4-B978-FA4BCEAF0292}.Debug|x86.Build.0 = Debug|Win32
		{04A0BDAD-DE6F-4FE4-B978-FA4BCEAF0292}.Release|x64.ActiveCfg = Release|x64
		{04A0BDAD-DE6F-4FE4-B978-FA4BCEAF0292}.Release|x64.Build.0 = Release|x64
		{04A0BDAD-DE6F-4FE4-B978-FA4BCEAF0292}.Release|x86.ActiveCfg = Release|Win32
		{04A0BDAD-DE6F-4FE4-B978-FA4BCEAF0292}.Release|x86.Build.0 = Release|Win32
		{D53C0D5D-09B5-4FB4-B3C4-169AFEDAAB69}.Debug|x64.ActiveCfg = Debug|x64
		{D53C0D5D-09B5-4FB4-B3C4-169AFEDAAB69}.Debug|x64.Build.0 = Debug|x64
		{D53C0D5D-09B5-4FB4-B3C4-169AFEDAAB69}.Debug|x86.ActiveCfg = Debug|Win32
		{D53C0D5D-09B5-4FB4-B3C4-169AFEDAAB69}.Debug|x86.Build.0 = Debug|Win32
		{D53C0D5D-09B5-4FB4-B3C4-169AFEDAAB69}.Release|x64.ActiveCfg = Release|x64
		{D53C0D5D-09B5-4FB4-B3C4-169AFEDAAB69}.Release|x64.Build.0 = Release|x64
		{D53C0D5D-09B5-4FB4-B3C4-169AFEDAAB69}.Release|x86.ActiveCfg = Release|Win32
		{D53C0D5D-09B5-4FB4-B3C4-169AFEDAAB69}.Release|x86.Build.0 = Release|Win32
		{3F6E2ED2-B8CE-494C-BF5F-CD2C1B1CDB46}.Debug|x64.ActiveCfg = Debug|x64
		{3F6E2ED2-B8CE-494C-BF5F-CD2C1B1CDB46}.Debug|x64.Build.0 = Debug|x64
		{3F6E2ED2-B8CE-494C-BF5F-CD2C1B1CDB46}.Debug|x86.ActiveCfg = Debug|Win32
		{3F6E2ED2-B8CE-494C-BF5F-CD2C1B1CDB46}.Debug|x86.Build.0 = Debug|Win32
		{3F6E2ED2-B8CE-494C-BF5F-CD2C1B1CDB46}.Release|x64.ActiveCfg = Release|x64
		{3F6E2ED2-B8CE-494C-BF5F-CD2C1B1CDB46}.Release|x64.Build.0 = Release|x64
		{3F6E2ED2-B8CE-494C-BF5F-CD2C1B1CDB46}.Release|x86.ActiveCfg = Release|Win32
		{3F6E2ED2-B8CE-494C-BF5F-CD2C1B1CDB46}.Release|x86.Build.0 = Release|Win32
		{CDDA7B01-1186-42B9-84F7-40853F3883CC}.Debug|x64.ActiveCfg = Debug|x64
		{CDDA7B01-1186-42B9-84F7-40853F3883CC}.Debug|x64.Build.0 = Debug|x64
		{CDDA7B01-1186-42B9-84F7-40853F3883CC}.Debug|x86.ActiveCfg = Debug|Win32
		{CDDA7B01-1186-42B9-84F7-40853F3883CC}.Debug|x86.Build.0 = Debug|Win32
		{CDDA7B01-1186-42B9-84F7-40853F3883CC}.Release|x64.ActiveCfg = Release|x64
		{CDDA7B01-1186-42B9-84F7-40853F3883CC}.Release|x64.Build.0 = Release|x64
		{CDDA7B01-1186-42B9-84F7-40853F3883CC}.Release|x86.ActiveCfg = Release|Win32
		{CDDA7B01-1186-42B9-84F7-40853F3883CC}.Release|x86.Build.0 = Release|Win32
	EndGlobalSection
	GlobalSection(SolutionProperties) = preSolution
		HideSolutionNode = FALSE
	EndGlobalSection
	GlobalSection(ExtensibilityGlobals) = postSolution
		SolutionGuid = {CC70A3EF-3F2A-4978-8E7E-5B2CD03B0A50}
	EndGlobalSection
EndGlobal
