
Microsoft Visual Studio Solution File, Format Version 12.00
# Visual Studio Version 16
VisualStudioVersion = 16.0.31313.79
MinimumVisualStudioVersion = 10.0.40219.1
Project("{8BC9CEB8-8B4A-11D0-8D11-00A0C91BC942}") = "11_FZRGMSO_01", "11_FZRGMSO_01\11_FZRGMSO_01.vcxproj", "{3082CDD0-8474-4575-8834-7105836B0C29}"
EndProject
Project("{8BC9CEB8-8B4A-11D0-8D11-00A0C91BC942}") = "12_FYSA_01", "12_FYSA_01\12_FYSA_01.vcxproj", "{3C4F2A87-C74A-4CA1-AC21-D67F119EFF24}"
EndProject
Project("{8BC9CEB8-8B4A-11D0-8D11-00A0C91BC942}") = "13_RAHLE_01", "13_RAHLE_01\13_RAHLE_01.vcxproj", "{1FB6D1C9-00E7-4924-A249-EF8B612E2DD7}"
EndProject
Project("{8BC9CEB8-8B4A-11D0-8D11-00A0C91BC942}") = "14_FEIA_01", "14_FEIA_01\14_FEIA_01.vcxproj", "{FEE10329-C454-46E6-8F77-646947E47E5D}"
EndProject
Project("{8BC9CEB8-8B4A-11D0-8D11-00A0C91BC942}") = "15_FLSCI_01", "15_FLSCI_01\15_FLSCI_01.vcxproj", "{0431D885-FBCD-4971-A6B2-0B124BA4C826}"
EndProject
Project("{8BC9CEB8-8B4A-11D0-8D11-00A0C91BC942}") = "16_FME_01", "16_FME_01\16_FME_01.vcxproj", "{64FCF0C3-CE22-4AB9-967F-6E3D132E7E9E}"
EndProject
Project("{8BC9CEB8-8B4A-11D0-8D11-00A0C91BC942}") = "16_FME_02", "16_FME_02\16_FME_02.vcxproj", "{3AA71E20-67BF-4240-8200-5E3C0DCDF736}"
EndProject
Project("{8BC9CEB8-8B4A-11D0-8D11-00A0C91BC942}") = "16_FME_03", "16_FME_03\16_FME_03.vcxproj", "{A2025B72-8998-4C46-BC55-E7247286C47D}"
EndProject
Project("{8BC9CEB8-8B4A-11D0-8D11-00A0C91BC942}") = "17_MZEA_01", "17_MZEA_01\17_MZEA_01.vcxproj", "{1B40C24A-9DEA-4209-B334-873829E4C1DD}"
EndProject
Project("{8BC9CEB8-8B4A-11D0-8D11-00A0C91BC942}") = "17_MZEA_02", "17_MZEA_02\17_MZEA_02.vcxproj", "{2E9E6EA2-E7B0-45A7-8C36-139BD648C124}"
EndProject
Project("{8BC9CEB8-8B4A-11D0-8D11-00A0C91BC942}") = "18_RAEPO_01", "18_RAEPO_01\18_RAEPO_01.vcxproj", "{359C0074-28DE-4BBD-847D-C1622C74FEBD}"
EndProject
Project("{8BC9CEB8-8B4A-11D0-8D11-00A0C91BC942}") = "18_RAEPO_02", "18_RAEPO_02\18_RAEPO_02.vcxproj", "{7EF71C40-2CF6-4F39-9C36-2B2A5E139ADC}"
EndProject
Project("{8BC9CEB8-8B4A-11D0-8D11-00A0C91BC942}") = "19_LBSP_01", "19_LBSP_01\19_LBSP_01.vcxproj", "{B03DFD3F-43CE-4D18-BDFD-C6F3C463725E}"
EndProject
Project("{8BC9CEB8-8B4A-11D0-8D11-00A0C91BC942}") = "19_LBSP_02", "19_LBSP_02\19_LBSP_02.vcxproj", "{B67303DC-6097-46DD-B765-9F69FCB7729B}"
EndProject
Project("{8BC9CEB8-8B4A-11D0-8D11-00A0C91BC942}") = "20_FMD_01", "20_FMD_01\20_FMD_01.vcxproj", "{668535A6-1FF4-4F97-9230-A7CEB338BDBB}"
EndProject
Global
	GlobalSection(SolutionConfigurationPlatforms) = preSolution
		Debug|x64 = Debug|x64
		Debug|x86 = Debug|x86
		Release|x64 = Release|x64
		Release|x86 = Release|x86
	EndGlobalSection
	GlobalSection(ProjectConfigurationPlatforms) = postSolution
		{3082CDD0-8474-4575-8834-7105836B0C29}.Debug|x64.ActiveCfg = Debug|x64
		{3082CDD0-8474-4575-8834-7105836B0C29}.Debug|x64.Build.0 = Debug|x64
		{3082CDD0-8474-4575-8834-7105836B0C29}.Debug|x86.ActiveCfg = Debug|Win32
		{3082CDD0-8474-4575-8834-7105836B0C29}.Debug|x86.Build.0 = Debug|Win32
		{3082CDD0-8474-4575-8834-7105836B0C29}.Release|x64.ActiveCfg = Release|x64
		{3082CDD0-8474-4575-8834-7105836B0C29}.Release|x64.Build.0 = Release|x64
		{3082CDD0-8474-4575-8834-7105836B0C29}.Release|x86.ActiveCfg = Release|Win32
		{3082CDD0-8474-4575-8834-7105836B0C29}.Release|x86.Build.0 = Release|Win32
		{3C4F2A87-C74A-4CA1-AC21-D67F119EFF24}.Debug|x64.ActiveCfg = Debug|x64
		{3C4F2A87-C74A-4CA1-AC21-D67F119EFF24}.Debug|x64.Build.0 = Debug|x64
		{3C4F2A87-C74A-4CA1-AC21-D67F119EFF24}.Debug|x86.ActiveCfg = Debug|Win32
		{3C4F2A87-C74A-4CA1-AC21-D67F119EFF24}.Debug|x86.Build.0 = Debug|Win32
		{3C4F2A87-C74A-4CA1-AC21-D67F119EFF24}.Release|x64.ActiveCfg = Release|x64
		{3C4F2A87-C74A-4CA1-AC21-D67F119EFF24}.Release|x64.Build.0 = Release|x64
		{3C4F2A87-C74A-4CA1-AC21-D67F119EFF24}.Release|x86.ActiveCfg = Release|Win32
		{3C4F2A87-C74A-4CA1-AC21-D67F119EFF24}.Release|x86.Build.0 = Release|Win32
		{1FB6D1C9-00E7-4924-A249-EF8B612E2DD7}.Debug|x64.ActiveCfg = Debug|x64
		{1FB6D1C9-00E7-4924-A249-EF8B612E2DD7}.Debug|x64.Build.0 = Debug|x64
		{1FB6D1C9-00E7-4924-A249-EF8B612E2DD7}.Debug|x86.ActiveCfg = Debug|Win32
		{1FB6D1C9-00E7-4924-A249-EF8B612E2DD7}.Debug|x86.Build.0 = Debug|Win32
		{1FB6D1C9-00E7-4924-A249-EF8B612E2DD7}.Release|x64.ActiveCfg = Release|x64
		{1FB6D1C9-00E7-4924-A249-EF8B612E2DD7}.Release|x64.Build.0 = Release|x64
		{1FB6D1C9-00E7-4924-A249-EF8B612E2DD7}.Release|x86.ActiveCfg = Release|Win32
		{1FB6D1C9-00E7-4924-A249-EF8B612E2DD7}.Release|x86.Build.0 = Release|Win32
		{FEE10329-C454-46E6-8F77-646947E47E5D}.Debug|x64.ActiveCfg = Debug|x64
		{FEE10329-C454-46E6-8F77-646947E47E5D}.Debug|x64.Build.0 = Debug|x64
		{FEE10329-C454-46E6-8F77-646947E47E5D}.Debug|x86.ActiveCfg = Debug|Win32
		{FEE10329-C454-46E6-8F77-646947E47E5D}.Debug|x86.Build.0 = Debug|Win32
		{FEE10329-C454-46E6-8F77-646947E47E5D}.Release|x64.ActiveCfg = Release|x64
		{FEE10329-C454-46E6-8F77-646947E47E5D}.Release|x64.Build.0 = Release|x64
		{FEE10329-C454-46E6-8F77-646947E47E5D}.Release|x86.ActiveCfg = Release|Win32
		{FEE10329-C454-46E6-8F77-646947E47E5D}.Release|x86.Build.0 = Release|Win32
		{0431D885-FBCD-4971-A6B2-0B124BA4C826}.Debug|x64.ActiveCfg = Debug|x64
		{0431D885-FBCD-4971-A6B2-0B124BA4C826}.Debug|x64.Build.0 = Debug|x64
		{0431D885-FBCD-4971-A6B2-0B124BA4C826}.Debug|x86.ActiveCfg = Debug|Win32
		{0431D885-FBCD-4971-A6B2-0B124BA4C826}.Debug|x86.Build.0 = Debug|Win32
		{0431D885-FBCD-4971-A6B2-0B124BA4C826}.Release|x64.ActiveCfg = Release|x64
		{0431D885-FBCD-4971-A6B2-0B124BA4C826}.Release|x64.Build.0 = Release|x64
		{0431D885-FBCD-4971-A6B2-0B124BA4C826}.Release|x86.ActiveCfg = Release|Win32
		{0431D885-FBCD-4971-A6B2-0B124BA4C826}.Release|x86.Build.0 = Release|Win32
		{64FCF0C3-CE22-4AB9-967F-6E3D132E7E9E}.Debug|x64.ActiveCfg = Debug|x64
		{64FCF0C3-CE22-4AB9-967F-6E3D132E7E9E}.Debug|x64.Build.0 = Debug|x64
		{64FCF0C3-CE22-4AB9-967F-6E3D132E7E9E}.Debug|x86.ActiveCfg = Debug|Win32
		{64FCF0C3-CE22-4AB9-967F-6E3D132E7E9E}.Debug|x86.Build.0 = Debug|Win32
		{64FCF0C3-CE22-4AB9-967F-6E3D132E7E9E}.Release|x64.ActiveCfg = Release|x64
		{64FCF0C3-CE22-4AB9-967F-6E3D132E7E9E}.Release|x64.Build.0 = Release|x64
		{64FCF0C3-CE22-4AB9-967F-6E3D132E7E9E}.Release|x86.ActiveCfg = Release|Win32
		{64FCF0C3-CE22-4AB9-967F-6E3D132E7E9E}.Release|x86.Build.0 = Release|Win32
		{3AA71E20-67BF-4240-8200-5E3C0DCDF736}.Debug|x64.ActiveCfg = Debug|x64
		{3AA71E20-67BF-4240-8200-5E3C0DCDF736}.Debug|x64.Build.0 = Debug|x64
		{3AA71E20-67BF-4240-8200-5E3C0DCDF736}.Debug|x86.ActiveCfg = Debug|Win32
		{3AA71E20-67BF-4240-8200-5E3C0DCDF736}.Debug|x86.Build.0 = Debug|Win32
		{3AA71E20-67BF-4240-8200-5E3C0DCDF736}.Release|x64.ActiveCfg = Release|x64
		{3AA71E20-67BF-4240-8200-5E3C0DCDF736}.Release|x64.Build.0 = Release|x64
		{3AA71E20-67BF-4240-8200-5E3C0DCDF736}.Release|x86.ActiveCfg = Release|Win32
		{3AA71E20-67BF-4240-8200-5E3C0DCDF736}.Release|x86.Build.0 = Release|Win32
		{A2025B72-8998-4C46-BC55-E7247286C47D}.Debug|x64.ActiveCfg = Debug|x64
		{A2025B72-8998-4C46-BC55-E7247286C47D}.Debug|x64.Build.0 = Debug|x64
		{A2025B72-8998-4C46-BC55-E7247286C47D}.Debug|x86.ActiveCfg = Debug|Win32
		{A2025B72-8998-4C46-BC55-E7247286C47D}.Debug|x86.Build.0 = Debug|Win32
		{A2025B72-8998-4C46-BC55-E7247286C47D}.Release|x64.ActiveCfg = Release|x64
		{A2025B72-8998-4C46-BC55-E7247286C47D}.Release|x64.Build.0 = Release|x64
		{A2025B72-8998-4C46-BC55-E7247286C47D}.Release|x86.ActiveCfg = Release|Win32
		{A2025B72-8998-4C46-BC55-E7247286C47D}.Release|x86.Build.0 = Release|Win32
		{1B40C24A-9DEA-4209-B334-873829E4C1DD}.Debug|x64.ActiveCfg = Debug|x64
		{1B40C24A-9DEA-4209-B334-873829E4C1DD}.Debug|x64.Build.0 = Debug|x64
		{1B40C24A-9DEA-4209-B334-873829E4C1DD}.Debug|x86.ActiveCfg = Debug|Win32
		{1B40C24A-9DEA-4209-B334-873829E4C1DD}.Debug|x86.Build.0 = Debug|Win32
		{1B40C24A-9DEA-4209-B334-873829E4C1DD}.Release|x64.ActiveCfg = Release|x64
		{1B40C24A-9DEA-4209-B334-873829E4C1DD}.Release|x64.Build.0 = Release|x64
		{1B40C24A-9DEA-4209-B334-873829E4C1DD}.Release|x86.ActiveCfg = Release|Win32
		{1B40C24A-9DEA-4209-B334-873829E4C1DD}.Release|x86.Build.0 = Release|Win32
		{2E9E6EA2-E7B0-45A7-8C36-139BD648C124}.Debug|x64.ActiveCfg = Debug|x64
		{2E9E6EA2-E7B0-45A7-8C36-139BD648C124}.Debug|x64.Build.0 = Debug|x64
		{2E9E6EA2-E7B0-45A7-8C36-139BD648C124}.Debug|x86.ActiveCfg = Debug|Win32
		{2E9E6EA2-E7B0-45A7-8C36-139BD648C124}.Debug|x86.Build.0 = Debug|Win32
		{2E9E6EA2-E7B0-45A7-8C36-139BD648C124}.Release|x64.ActiveCfg = Release|x64
		{2E9E6EA2-E7B0-45A7-8C36-139BD648C124}.Release|x64.Build.0 = Release|x64
		{2E9E6EA2-E7B0-45A7-8C36-139BD648C124}.Release|x86.ActiveCfg = Release|Win32
		{2E9E6EA2-E7B0-45A7-8C36-139BD648C124}.Release|x86.Build.0 = Release|Win32
		{359C0074-28DE-4BBD-847D-C1622C74FEBD}.Debug|x64.ActiveCfg = Debug|x64
		{359C0074-28DE-4BBD-847D-C1622C74FEBD}.Debug|x64.Build.0 = Debug|x64
		{359C0074-28DE-4BBD-847D-C1622C74FEBD}.Debug|x86.ActiveCfg = Debug|Win32
		{359C0074-28DE-4BBD-847D-C1622C74FEBD}.Debug|x86.Build.0 = Debug|Win32
		{359C0074-28DE-4BBD-847D-C1622C74FEBD}.Release|x64.ActiveCfg = Release|x64
		{359C0074-28DE-4BBD-847D-C1622C74FEBD}.Release|x64.Build.0 = Release|x64
		{359C0074-28DE-4BBD-847D-C1622C74FEBD}.Release|x86.ActiveCfg = Release|Win32
		{359C0074-28DE-4BBD-847D-C1622C74FEBD}.Release|x86.Build.0 = Release|Win32
		{7EF71C40-2CF6-4F39-9C36-2B2A5E139ADC}.Debug|x64.ActiveCfg = Debug|x64
		{7EF71C40-2CF6-4F39-9C36-2B2A5E139ADC}.Debug|x64.Build.0 = Debug|x64
		{7EF71C40-2CF6-4F39-9C36-2B2A5E139ADC}.Debug|x86.ActiveCfg = Debug|Win32
		{7EF71C40-2CF6-4F39-9C36-2B2A5E139ADC}.Debug|x86.Build.0 = Debug|Win32
		{7EF71C40-2CF6-4F39-9C36-2B2A5E139ADC}.Release|x64.ActiveCfg = Release|x64
		{7EF71C40-2CF6-4F39-9C36-2B2A5E139ADC}.Release|x64.Build.0 = Release|x64
		{7EF71C40-2CF6-4F39-9C36-2B2A5E139ADC}.Release|x86.ActiveCfg = Release|Win32
		{7EF71C40-2CF6-4F39-9C36-2B2A5E139ADC}.Release|x86.Build.0 = Release|Win32
		{B03DFD3F-43CE-4D18-BDFD-C6F3C463725E}.Debug|x64.ActiveCfg = Debug|x64
		{B03DFD3F-43CE-4D18-BDFD-C6F3C463725E}.Debug|x64.Build.0 = Debug|x64
		{B03DFD3F-43CE-4D18-BDFD-C6F3C463725E}.Debug|x86.ActiveCfg = Debug|Win32
		{B03DFD3F-43CE-4D18-BDFD-C6F3C463725E}.Debug|x86.Build.0 = Debug|Win32
		{B03DFD3F-43CE-4D18-BDFD-C6F3C463725E}.Release|x64.ActiveCfg = Release|x64
		{B03DFD3F-43CE-4D18-BDFD-C6F3C463725E}.Release|x64.Build.0 = Release|x64
		{B03DFD3F-43CE-4D18-BDFD-C6F3C463725E}.Release|x86.ActiveCfg = Release|Win32
		{B03DFD3F-43CE-4D18-BDFD-C6F3C463725E}.Release|x86.Build.0 = Release|Win32
		{B67303DC-6097-46DD-B765-9F69FCB7729B}.Debug|x64.ActiveCfg = Debug|x64
		{B67303DC-6097-46DD-B765-9F69FCB7729B}.Debug|x64.Build.0 = Debug|x64
		{B67303DC-6097-46DD-B765-9F69FCB7729B}.Debug|x86.ActiveCfg = Debug|Win32
		{B67303DC-6097-46DD-B765-9F69FCB7729B}.Debug|x86.Build.0 = Debug|Win32
		{B67303DC-6097-46DD-B765-9F69FCB7729B}.Release|x64.ActiveCfg = Release|x64
		{B67303DC-6097-46DD-B765-9F69FCB7729B}.Release|x64.Build.0 = Release|x64
		{B67303DC-6097-46DD-B765-9F69FCB7729B}.Release|x86.ActiveCfg = Release|Win32
		{B67303DC-6097-46DD-B765-9F69FCB7729B}.Release|x86.Build.0 = Release|Win32
		{668535A6-1FF4-4F97-9230-A7CEB338BDBB}.Debug|x64.ActiveCfg = Debug|x64
		{668535A6-1FF4-4F97-9230-A7CEB338BDBB}.Debug|x64.Build.0 = Debug|x64
		{668535A6-1FF4-4F97-9230-A7CEB338BDBB}.Debug|x86.ActiveCfg = Debug|Win32
		{668535A6-1FF4-4F97-9230-A7CEB338BDBB}.Debug|x86.Build.0 = Debug|Win32
		{668535A6-1FF4-4F97-9230-A7CEB338BDBB}.Release|x64.ActiveCfg = Release|x64
		{668535A6-1FF4-4F97-9230-A7CEB338BDBB}.Release|x64.Build.0 = Release|x64
		{668535A6-1FF4-4F97-9230-A7CEB338BDBB}.Release|x86.ActiveCfg = Release|Win32
		{668535A6-1FF4-4F97-9230-A7CEB338BDBB}.Release|x86.Build.0 = Release|Win32
	EndGlobalSection
	GlobalSection(SolutionProperties) = preSolution
		HideSolutionNode = FALSE
	EndGlobalSection
	GlobalSection(ExtensibilityGlobals) = postSolution
		SolutionGuid = {95328221-A5F4-45CD-9567-EBDBC760C651}
	EndGlobalSection
EndGlobal
