
Microsoft Visual Studio Solution File, Format Version 12.00
# Visual Studio Version 16
VisualStudioVersion = 16.0.31313.79
MinimumVisualStudioVersion = 10.0.40219.1
Project("{8BC9CEB8-8B4A-11D0-8D11-00A0C91BC942}") = "1_FPGSA_01", "1_FPGSA_01\1_FPGSA_01.vcxproj", "{00ECEA61-E4AE-49C7-B1F1-0AAE498AEC4A}"
EndProject
Project("{8BC9CEB8-8B4A-11D0-8D11-00A0C91BC942}") = "1_FPGSA_02", "1_FPGSA_02\1_FPGSA_02.vcxproj", "{423E7923-9CBA-4D16-93F4-5BCC52FA84BA}"
EndProject
Project("{8BC9CEB8-8B4A-11D0-8D11-00A0C91BC942}") = "1_FPGSA_03", "1_FPGSA_03\1_FPGSA_03.vcxproj", "{85ED861C-9731-4581-BB1A-78CFCCDBA16A}"
EndProject
Project("{8BC9CEB8-8B4A-11D0-8D11-00A0C91BC942}") = "2_CSZSE_01", "2_CSZSE_01\2_CSZSE_01.vcxproj", "{A5D4CF82-B29B-439D-B018-D0D8CC22FE17}"
EndProject
Project("{8BC9CEB8-8B4A-11D0-8D11-00A0C91BC942}") = "3_PASZS_01", "3_PASZS_01\3_PASZS_01.vcxproj", "{A27BF5F4-592C-422A-B7A9-3386C6B1EE2E}"
EndProject
Project("{8BC9CEB8-8B4A-11D0-8D11-00A0C91BC942}") = "3_PASZS_02", "3_PASZS_02\3_PASZS_02.vcxproj", "{972B1432-9CF2-44D8-B1D6-ED6ABB85E614}"
EndProject
Project("{8BC9CEB8-8B4A-11D0-8D11-00A0C91BC942}") = "4_SBALT_01", "4_SBALT_01\4_SBALT_01.vcxproj", "{88D7557F-43B4-4FD4-8E47-AEF7EB748381}"
EndProject
Project("{8BC9CEB8-8B4A-11D0-8D11-00A0C91BC942}") = "4_SBALT_02", "4_SBALT_02\4_SBALT_02.vcxproj", "{7F833F72-74DF-4BE4-A11F-9C18598180C4}"
EndProject
Project("{8BC9CEB8-8B4A-11D0-8D11-00A0C91BC942}") = "5_FMLSS_01", "5_FMLSS_01\5_FMLSS_01.vcxproj", "{40F641A2-0861-4D55-8540-FA75EE3E79E5}"
EndProject
Project("{8BC9CEB8-8B4A-11D0-8D11-00A0C91BC942}") = "5_FMLSS_02", "5_FMLSS_02\5_FMLSS_02.vcxproj", "{83DE01C2-8DD4-4A79-B962-45586B825858}"
EndProject
Project("{8BC9CEB8-8B4A-11D0-8D11-00A0C91BC942}") = "6_FMLSEZO_01", "6_FMLSEZO_01\6_FMLSEZO_01.vcxproj", "{6B04B43F-A563-4D1A-B92D-12A8C5CB4DF4}"
EndProject
Project("{8BC9CEB8-8B4A-11D0-8D11-00A0C91BC942}") = "7_FMPTIA_01", "7_FMPTIA_01\7_FMPTIA_01.vcxproj", "{6D63E2CB-A95A-41C0-958E-28311F460BFD}"
EndProject
Project("{8BC9CEB8-8B4A-11D0-8D11-00A0C91BC942}") = "7_FMPTIA_02", "7_FMPTIA_02\7_FMPTIA_02.vcxproj", "{93DEE74B-6D0F-4E81-BBF6-7F2DE0317B9D}"
EndProject
Project("{8BC9CEB8-8B4A-11D0-8D11-00A0C91BC942}") = "7_FMPTIA_03", "7_FMPTIA_03\7_FMPTIA_03.vcxproj", "{70B13E15-B563-4050-9A92-7AA42548B659}"
EndProject
Project("{8BC9CEB8-8B4A-11D0-8D11-00A0C91BC942}") = "8_SAZOT_01", "8_SAZOT_01\8_SAZOT_01.vcxproj", "{1D8F73D2-FB46-46BF-861E-339FCA0BF1EA}"
EndProject
Project("{8BC9CEB8-8B4A-11D0-8D11-00A0C91BC942}") = "9_IPMSA_01", "9_IPMSA_01\9_IPMSA_01.vcxproj", "{84453D6E-4ABD-4346-82E2-7C95139625CC}"
EndProject
Project("{8BC9CEB8-8B4A-11D0-8D11-00A0C91BC942}") = "10_MTAC_01", "10_MTAC_01\10_MTAC_01.vcxproj", "{66C97D3D-507A-4022-998B-15E8A3AADB14}"
EndProject
Global
	GlobalSection(SolutionConfigurationPlatforms) = preSolution
		Debug|x64 = Debug|x64
		Debug|x86 = Debug|x86
		Release|x64 = Release|x64
		Release|x86 = Release|x86
	EndGlobalSection
	GlobalSection(ProjectConfigurationPlatforms) = postSolution
		{00ECEA61-E4AE-49C7-B1F1-0AAE498AEC4A}.Debug|x64.ActiveCfg = Debug|x64
		{00ECEA61-E4AE-49C7-B1F1-0AAE498AEC4A}.Debug|x64.Build.0 = Debug|x64
		{00ECEA61-E4AE-49C7-B1F1-0AAE498AEC4A}.Debug|x86.ActiveCfg = Debug|Win32
		{00ECEA61-E4AE-49C7-B1F1-0AAE498AEC4A}.Debug|x86.Build.0 = Debug|Win32
		{00ECEA61-E4AE-49C7-B1F1-0AAE498AEC4A}.Release|x64.ActiveCfg = Release|x64
		{00ECEA61-E4AE-49C7-B1F1-0AAE498AEC4A}.Release|x64.Build.0 = Release|x64
		{00ECEA61-E4AE-49C7-B1F1-0AAE498AEC4A}.Release|x86.ActiveCfg = Release|Win32
		{00ECEA61-E4AE-49C7-B1F1-0AAE498AEC4A}.Release|x86.Build.0 = Release|Win32
		{423E7923-9CBA-4D16-93F4-5BCC52FA84BA}.Debug|x64.ActiveCfg = Debug|x64
		{423E7923-9CBA-4D16-93F4-5BCC52FA84BA}.Debug|x64.Build.0 = Debug|x64
		{423E7923-9CBA-4D16-93F4-5BCC52FA84BA}.Debug|x86.ActiveCfg = Debug|Win32
		{423E7923-9CBA-4D16-93F4-5BCC52FA84BA}.Debug|x86.Build.0 = Debug|Win32
		{423E7923-9CBA-4D16-93F4-5BCC52FA84BA}.Release|x64.ActiveCfg = Release|x64
		{423E7923-9CBA-4D16-93F4-5BCC52FA84BA}.Release|x64.Build.0 = Release|x64
		{423E7923-9CBA-4D16-93F4-5BCC52FA84BA}.Release|x86.ActiveCfg = Release|Win32
		{423E7923-9CBA-4D16-93F4-5BCC52FA84BA}.Release|x86.Build.0 = Release|Win32
		{85ED861C-9731-4581-BB1A-78CFCCDBA16A}.Debug|x64.ActiveCfg = Debug|x64
		{85ED861C-9731-4581-BB1A-78CFCCDBA16A}.Debug|x64.Build.0 = Debug|x64
		{85ED861C-9731-4581-BB1A-78CFCCDBA16A}.Debug|x86.ActiveCfg = Debug|Win32
		{85ED861C-9731-4581-BB1A-78CFCCDBA16A}.Debug|x86.Build.0 = Debug|Win32
		{85ED861C-9731-4581-BB1A-78CFCCDBA16A}.Release|x64.ActiveCfg = Release|x64
		{85ED861C-9731-4581-BB1A-78CFCCDBA16A}.Release|x64.Build.0 = Release|x64
		{85ED861C-9731-4581-BB1A-78CFCCDBA16A}.Release|x86.ActiveCfg = Release|Win32
		{85ED861C-9731-4581-BB1A-78CFCCDBA16A}.Release|x86.Build.0 = Release|Win32
		{A5D4CF82-B29B-439D-B018-D0D8CC22FE17}.Debug|x64.ActiveCfg = Debug|x64
		{A5D4CF82-B29B-439D-B018-D0D8CC22FE17}.Debug|x64.Build.0 = Debug|x64
		{A5D4CF82-B29B-439D-B018-D0D8CC22FE17}.Debug|x86.ActiveCfg = Debug|Win32
		{A5D4CF82-B29B-439D-B018-D0D8CC22FE17}.Debug|x86.Build.0 = Debug|Win32
		{A5D4CF82-B29B-439D-B018-D0D8CC22FE17}.Release|x64.ActiveCfg = Release|x64
		{A5D4CF82-B29B-439D-B018-D0D8CC22FE17}.Release|x64.Build.0 = Release|x64
		{A5D4CF82-B29B-439D-B018-D0D8CC22FE17}.Release|x86.ActiveCfg = Release|Win32
		{A5D4CF82-B29B-439D-B018-D0D8CC22FE17}.Release|x86.Build.0 = Release|Win32
		{A27BF5F4-592C-422A-B7A9-3386C6B1EE2E}.Debug|x64.ActiveCfg = Debug|x64
		{A27BF5F4-592C-422A-B7A9-3386C6B1EE2E}.Debug|x64.Build.0 = Debug|x64
		{A27BF5F4-592C-422A-B7A9-3386C6B1EE2E}.Debug|x86.ActiveCfg = Debug|Win32
		{A27BF5F4-592C-422A-B7A9-3386C6B1EE2E}.Debug|x86.Build.0 = Debug|Win32
		{A27BF5F4-592C-422A-B7A9-3386C6B1EE2E}.Release|x64.ActiveCfg = Release|x64
		{A27BF5F4-592C-422A-B7A9-3386C6B1EE2E}.Release|x64.Build.0 = Release|x64
		{A27BF5F4-592C-422A-B7A9-3386C6B1EE2E}.Release|x86.ActiveCfg = Release|Win32
		{A27BF5F4-592C-422A-B7A9-3386C6B1EE2E}.Release|x86.Build.0 = Release|Win32
		{972B1432-9CF2-44D8-B1D6-ED6ABB85E614}.Debug|x64.ActiveCfg = Debug|x64
		{972B1432-9CF2-44D8-B1D6-ED6ABB85E614}.Debug|x64.Build.0 = Debug|x64
		{972B1432-9CF2-44D8-B1D6-ED6ABB85E614}.Debug|x86.ActiveCfg = Debug|Win32
		{972B1432-9CF2-44D8-B1D6-ED6ABB85E614}.Debug|x86.Build.0 = Debug|Win32
		{972B1432-9CF2-44D8-B1D6-ED6ABB85E614}.Release|x64.ActiveCfg = Release|x64
		{972B1432-9CF2-44D8-B1D6-ED6ABB85E614}.Release|x64.Build.0 = Release|x64
		{972B1432-9CF2-44D8-B1D6-ED6ABB85E614}.Release|x86.ActiveCfg = Release|Win32
		{972B1432-9CF2-44D8-B1D6-ED6ABB85E614}.Release|x86.Build.0 = Release|Win32
		{88D7557F-43B4-4FD4-8E47-AEF7EB748381}.Debug|x64.ActiveCfg = Debug|x64
		{88D7557F-43B4-4FD4-8E47-AEF7EB748381}.Debug|x64.Build.0 = Debug|x64
		{88D7557F-43B4-4FD4-8E47-AEF7EB748381}.Debug|x86.ActiveCfg = Debug|Win32
		{88D7557F-43B4-4FD4-8E47-AEF7EB748381}.Debug|x86.Build.0 = Debug|Win32
		{88D7557F-43B4-4FD4-8E47-AEF7EB748381}.Release|x64.ActiveCfg = Release|x64
		{88D7557F-43B4-4FD4-8E47-AEF7EB748381}.Release|x64.Build.0 = Release|x64
		{88D7557F-43B4-4FD4-8E47-AEF7EB748381}.Release|x86.ActiveCfg = Release|Win32
		{88D7557F-43B4-4FD4-8E47-AEF7EB748381}.Release|x86.Build.0 = Release|Win32
		{7F833F72-74DF-4BE4-A11F-9C18598180C4}.Debug|x64.ActiveCfg = Debug|x64
		{7F833F72-74DF-4BE4-A11F-9C18598180C4}.Debug|x64.Build.0 = Debug|x64
		{7F833F72-74DF-4BE4-A11F-9C18598180C4}.Debug|x86.ActiveCfg = Debug|Win32
		{7F833F72-74DF-4BE4-A11F-9C18598180C4}.Debug|x86.Build.0 = Debug|Win32
		{7F833F72-74DF-4BE4-A11F-9C18598180C4}.Release|x64.ActiveCfg = Release|x64
		{7F833F72-74DF-4BE4-A11F-9C18598180C4}.Release|x64.Build.0 = Release|x64
		{7F833F72-74DF-4BE4-A11F-9C18598180C4}.Release|x86.ActiveCfg = Release|Win32
		{7F833F72-74DF-4BE4-A11F-9C18598180C4}.Release|x86.Build.0 = Release|Win32
		{40F641A2-0861-4D55-8540-FA75EE3E79E5}.Debug|x64.ActiveCfg = Debug|x64
		{40F641A2-0861-4D55-8540-FA75EE3E79E5}.Debug|x64.Build.0 = Debug|x64
		{40F641A2-0861-4D55-8540-FA75EE3E79E5}.Debug|x86.ActiveCfg = Debug|Win32
		{40F641A2-0861-4D55-8540-FA75EE3E79E5}.Debug|x86.Build.0 = Debug|Win32
		{40F641A2-0861-4D55-8540-FA75EE3E79E5}.Release|x64.ActiveCfg = Release|x64
		{40F641A2-0861-4D55-8540-FA75EE3E79E5}.Release|x64.Build.0 = Release|x64
		{40F641A2-0861-4D55-8540-FA75EE3E79E5}.Release|x86.ActiveCfg = Release|Win32
		{40F641A2-0861-4D55-8540-FA75EE3E79E5}.Release|x86.Build.0 = Release|Win32
		{83DE01C2-8DD4-4A79-B962-45586B825858}.Debug|x64.ActiveCfg = Debug|x64
		{83DE01C2-8DD4-4A79-B962-45586B825858}.Debug|x64.Build.0 = Debug|x64
		{83DE01C2-8DD4-4A79-B962-45586B825858}.Debug|x86.ActiveCfg = Debug|Win32
		{83DE01C2-8DD4-4A79-B962-45586B825858}.Debug|x86.Build.0 = Debug|Win32
		{83DE01C2-8DD4-4A79-B962-45586B825858}.Release|x64.ActiveCfg = Release|x64
		{83DE01C2-8DD4-4A79-B962-45586B825858}.Release|x64.Build.0 = Release|x64
		{83DE01C2-8DD4-4A79-B962-45586B825858}.Release|x86.ActiveCfg = Release|Win32
		{83DE01C2-8DD4-4A79-B962-45586B825858}.Release|x86.Build.0 = Release|Win32
		{6B04B43F-A563-4D1A-B92D-12A8C5CB4DF4}.Debug|x64.ActiveCfg = Debug|x64
		{6B04B43F-A563-4D1A-B92D-12A8C5CB4DF4}.Debug|x64.Build.0 = Debug|x64
		{6B04B43F-A563-4D1A-B92D-12A8C5CB4DF4}.Debug|x86.ActiveCfg = Debug|Win32
		{6B04B43F-A563-4D1A-B92D-12A8C5CB4DF4}.Debug|x86.Build.0 = Debug|Win32
		{6B04B43F-A563-4D1A-B92D-12A8C5CB4DF4}.Release|x64.ActiveCfg = Release|x64
		{6B04B43F-A563-4D1A-B92D-12A8C5CB4DF4}.Release|x64.Build.0 = Release|x64
		{6B04B43F-A563-4D1A-B92D-12A8C5CB4DF4}.Release|x86.ActiveCfg = Release|Win32
		{6B04B43F-A563-4D1A-B92D-12A8C5CB4DF4}.Release|x86.Build.0 = Release|Win32
		{6D63E2CB-A95A-41C0-958E-28311F460BFD}.Debug|x64.ActiveCfg = Debug|x64
		{6D63E2CB-A95A-41C0-958E-28311F460BFD}.Debug|x64.Build.0 = Debug|x64
		{6D63E2CB-A95A-41C0-958E-28311F460BFD}.Debug|x86.ActiveCfg = Debug|Win32
		{6D63E2CB-A95A-41C0-958E-28311F460BFD}.Debug|x86.Build.0 = Debug|Win32
		{6D63E2CB-A95A-41C0-958E-28311F460BFD}.Release|x64.ActiveCfg = Release|x64
		{6D63E2CB-A95A-41C0-958E-28311F460BFD}.Release|x64.Build.0 = Release|x64
		{6D63E2CB-A95A-41C0-958E-28311F460BFD}.Release|x86.ActiveCfg = Release|Win32
		{6D63E2CB-A95A-41C0-958E-28311F460BFD}.Release|x86.Build.0 = Release|Win32
		{93DEE74B-6D0F-4E81-BBF6-7F2DE0317B9D}.Debug|x64.ActiveCfg = Debug|x64
		{93DEE74B-6D0F-4E81-BBF6-7F2DE0317B9D}.Debug|x64.Build.0 = Debug|x64
		{93DEE74B-6D0F-4E81-BBF6-7F2DE0317B9D}.Debug|x86.ActiveCfg = Debug|Win32
		{93DEE74B-6D0F-4E81-BBF6-7F2DE0317B9D}.Debug|x86.Build.0 = Debug|Win32
		{93DEE74B-6D0F-4E81-BBF6-7F2DE0317B9D}.Release|x64.ActiveCfg = Release|x64
		{93DEE74B-6D0F-4E81-BBF6-7F2DE0317B9D}.Release|x64.Build.0 = Release|x64
		{93DEE74B-6D0F-4E81-BBF6-7F2DE0317B9D}.Release|x86.ActiveCfg = Release|Win32
		{93DEE74B-6D0F-4E81-BBF6-7F2DE0317B9D}.Release|x86.Build.0 = Release|Win32
		{70B13E15-B563-4050-9A92-7AA42548B659}.Debug|x64.ActiveCfg = Debug|x64
		{70B13E15-B563-4050-9A92-7AA42548B659}.Debug|x64.Build.0 = Debug|x64
		{70B13E15-B563-4050-9A92-7AA42548B659}.Debug|x86.ActiveCfg = Debug|Win32
		{70B13E15-B563-4050-9A92-7AA42548B659}.Debug|x86.Build.0 = Debug|Win32
		{70B13E15-B563-4050-9A92-7AA42548B659}.Release|x64.ActiveCfg = Release|x64
		{70B13E15-B563-4050-9A92-7AA42548B659}.Release|x64.Build.0 = Release|x64
		{70B13E15-B563-4050-9A92-7AA42548B659}.Release|x86.ActiveCfg = Release|Win32
		{70B13E15-B563-4050-9A92-7AA42548B659}.Release|x86.Build.0 = Release|Win32
		{1D8F73D2-FB46-46BF-861E-339FCA0BF1EA}.Debug|x64.ActiveCfg = Debug|x64
		{1D8F73D2-FB46-46BF-861E-339FCA0BF1EA}.Debug|x64.Build.0 = Debug|x64
		{1D8F73D2-FB46-46BF-861E-339FCA0BF1EA}.Debug|x86.ActiveCfg = Debug|Win32
		{1D8F73D2-FB46-46BF-861E-339FCA0BF1EA}.Debug|x86.Build.0 = Debug|Win32
		{1D8F73D2-FB46-46BF-861E-339FCA0BF1EA}.Release|x64.ActiveCfg = Release|x64
		{1D8F73D2-FB46-46BF-861E-339FCA0BF1EA}.Release|x64.Build.0 = Release|x64
		{1D8F73D2-FB46-46BF-861E-339FCA0BF1EA}.Release|x86.ActiveCfg = Release|Win32
		{1D8F73D2-FB46-46BF-861E-339FCA0BF1EA}.Release|x86.Build.0 = Release|Win32
		{84453D6E-4ABD-4346-82E2-7C95139625CC}.Debug|x64.ActiveCfg = Debug|x64
		{84453D6E-4ABD-4346-82E2-7C95139625CC}.Debug|x64.Build.0 = Debug|x64
		{84453D6E-4ABD-4346-82E2-7C95139625CC}.Debug|x86.ActiveCfg = Debug|Win32
		{84453D6E-4ABD-4346-82E2-7C95139625CC}.Debug|x86.Build.0 = Debug|Win32
		{84453D6E-4ABD-4346-82E2-7C95139625CC}.Release|x64.ActiveCfg = Release|x64
		{84453D6E-4ABD-4346-82E2-7C95139625CC}.Release|x64.Build.0 = Release|x64
		{84453D6E-4ABD-4346-82E2-7C95139625CC}.Release|x86.ActiveCfg = Release|Win32
		{84453D6E-4ABD-4346-82E2-7C95139625CC}.Release|x86.Build.0 = Release|Win32
		{66C97D3D-507A-4022-998B-15E8A3AADB14}.Debug|x64.ActiveCfg = Debug|x64
		{66C97D3D-507A-4022-998B-15E8A3AADB14}.Debug|x64.Build.0 = Debug|x64
		{66C97D3D-507A-4022-998B-15E8A3AADB14}.Debug|x86.ActiveCfg = Debug|Win32
		{66C97D3D-507A-4022-998B-15E8A3AADB14}.Debug|x86.Build.0 = Debug|Win32
		{66C97D3D-507A-4022-998B-15E8A3AADB14}.Release|x64.ActiveCfg = Release|x64
		{66C97D3D-507A-4022-998B-15E8A3AADB14}.Release|x64.Build.0 = Release|x64
		{66C97D3D-507A-4022-998B-15E8A3AADB14}.Release|x86.ActiveCfg = Release|Win32
		{66C97D3D-507A-4022-998B-15E8A3AADB14}.Release|x86.Build.0 = Release|Win32
	EndGlobalSection
	GlobalSection(SolutionProperties) = preSolution
		HideSolutionNode = FALSE
	EndGlobalSection
	GlobalSection(ExtensibilityGlobals) = postSolution
		SolutionGuid = {33DA9575-3FB4-4C60-8DAA-AA52108B39B5}
	EndGlobalSection
EndGlobal
