
Microsoft Visual Studio Solution File, Format Version 12.00
# Visual Studio Version 16
VisualStudioVersion = 16.0.31321.278
MinimumVisualStudioVersion = 10.0.40219.1
Project("{8BC9CEB8-8B4A-11D0-8D11-00A0C91BC942}") = "41_FPDKA_01", "41_FPDKA_01\41_FPDKA_01.vcxproj", "{E81C7923-B956-49CD-916D-F3BA9D8E1C18}"
EndProject
Project("{8BC9CEB8-8B4A-11D0-8D11-00A0C91BC942}") = "41_FPDKA_02", "41_FPDKA_02\41_FPDKA_02.vcxproj", "{1D2458E8-F306-440B-BF54-B6B8F5EA2572}"
EndProject
Project("{8BC9CEB8-8B4A-11D0-8D11-00A0C91BC942}") = "42_QGS_01", "42_QGS_01\42_QGS_01.vcxproj", "{B0355B95-2F55-4163-8494-955310ADEB73}"
EndProject
Project("{8BC9CEB8-8B4A-11D0-8D11-00A0C91BC942}") = "42_QGS_02", "42_QGS_02\42_QGS_02.vcxproj", "{17D5B278-FEE5-409D-A9FF-F8F38934D06B}"
EndProject
Project("{8BC9CEB8-8B4A-11D0-8D11-00A0C91BC942}") = "43_PAQGS_01", "43_PAQGS_01\43_PAQGS_01.vcxproj", "{53383730-F205-4076-8D92-30DEA9E9B55E}"
EndProject
Project("{8BC9CEB8-8B4A-11D0-8D11-00A0C91BC942}") = "44_QA_01", "44_QA_01\44_QA_01.vcxproj", "{53590519-E800-48BF-810F-BBDE82375B3E}"
EndProject
Project("{8BC9CEB8-8B4A-11D0-8D11-00A0C91BC942}") = "44_QA_02", "44_QA_02\44_QA_02.vcxproj", "{9010192D-8018-4663-B0AD-CF724C10CB6E}"
EndProject
Project("{8BC9CEB8-8B4A-11D0-8D11-00A0C91BC942}") = "45_RA_01", "45_RA_01\45_RA_01.vcxproj", "{D2D90BC5-8627-400F-82C5-24A955B58B2A}"
EndProject
Project("{8BC9CEB8-8B4A-11D0-8D11-00A0C91BC942}") = "45_RA_02", "45_RA_02\45_RA_02.vcxproj", "{361A5951-905B-4122-B259-6F1B1FBE6A41}"
EndProject
Project("{8BC9CEB8-8B4A-11D0-8D11-00A0C91BC942}") = "46_PATFAP_01", "46_PATFAP_01\46_PATFAP_01.vcxproj", "{1F7B5F68-90A7-4676-B86E-F1E2894F96F8}"
EndProject
Project("{8BC9CEB8-8B4A-11D0-8D11-00A0C91BC942}") = "47_PATFGP_01", "47_PATFGP_01\47_PATFGP_01.vcxproj", "{C0AB1404-EF6E-4149-9930-F88E66750FFF}"
EndProject
Project("{8BC9CEB8-8B4A-11D0-8D11-00A0C91BC942}") = "48_GEABFO_01", "48_GEABFO_01\48_GEABFO_01.vcxproj", "{739C0A2B-1DD8-4B00-AA03-8E2E068487C2}"
EndProject
Project("{8BC9CEB8-8B4A-11D0-8D11-00A0C91BC942}") = "49_FMDBITE_01", "49_FMDBITE_01\49_FMDBITE_01.vcxproj", "{DEFB2FFA-D136-4BB4-B11D-AF5C61188629}"
EndProject
Project("{8BC9CEB8-8B4A-11D0-8D11-00A0C91BC942}") = "50_FMDBTS_01", "50_FMDBTS_01\50_FMDBTS_01.vcxproj", "{9EF6893A-CF73-461E-B1BE-FDBD33E0F75F}"
EndProject
Global
	GlobalSection(SolutionConfigurationPlatforms) = preSolution
		Debug|x64 = Debug|x64
		Debug|x86 = Debug|x86
		Release|x64 = Release|x64
		Release|x86 = Release|x86
	EndGlobalSection
	GlobalSection(ProjectConfigurationPlatforms) = postSolution
		{E81C7923-B956-49CD-916D-F3BA9D8E1C18}.Debug|x64.ActiveCfg = Debug|x64
		{E81C7923-B956-49CD-916D-F3BA9D8E1C18}.Debug|x64.Build.0 = Debug|x64
		{E81C7923-B956-49CD-916D-F3BA9D8E1C18}.Debug|x86.ActiveCfg = Debug|Win32
		{E81C7923-B956-49CD-916D-F3BA9D8E1C18}.Debug|x86.Build.0 = Debug|Win32
		{E81C7923-B956-49CD-916D-F3BA9D8E1C18}.Release|x64.ActiveCfg = Release|x64
		{E81C7923-B956-49CD-916D-F3BA9D8E1C18}.Release|x64.Build.0 = Release|x64
		{E81C7923-B956-49CD-916D-F3BA9D8E1C18}.Release|x86.ActiveCfg = Release|Win32
		{E81C7923-B956-49CD-916D-F3BA9D8E1C18}.Release|x86.Build.0 = Release|Win32
		{1D2458E8-F306-440B-BF54-B6B8F5EA2572}.Debug|x64.ActiveCfg = Debug|x64
		{1D2458E8-F306-440B-BF54-B6B8F5EA2572}.Debug|x64.Build.0 = Debug|x64
		{1D2458E8-F306-440B-BF54-B6B8F5EA2572}.Debug|x86.ActiveCfg = Debug|Win32
		{1D2458E8-F306-440B-BF54-B6B8F5EA2572}.Debug|x86.Build.0 = Debug|Win32
		{1D2458E8-F306-440B-BF54-B6B8F5EA2572}.Release|x64.ActiveCfg = Release|x64
		{1D2458E8-F306-440B-BF54-B6B8F5EA2572}.Release|x64.Build.0 = Release|x64
		{1D2458E8-F306-440B-BF54-B6B8F5EA2572}.Release|x86.ActiveCfg = Release|Win32
		{1D2458E8-F306-440B-BF54-B6B8F5EA2572}.Release|x86.Build.0 = Release|Win32
		{B0355B95-2F55-4163-8494-955310ADEB73}.Debug|x64.ActiveCfg = Debug|x64
		{B0355B95-2F55-4163-8494-955310ADEB73}.Debug|x64.Build.0 = Debug|x64
		{B0355B95-2F55-4163-8494-955310ADEB73}.Debug|x86.ActiveCfg = Debug|Win32
		{B0355B95-2F55-4163-8494-955310ADEB73}.Debug|x86.Build.0 = Debug|Win32
		{B0355B95-2F55-4163-8494-955310ADEB73}.Release|x64.ActiveCfg = Release|x64
		{B0355B95-2F55-4163-8494-955310ADEB73}.Release|x64.Build.0 = Release|x64
		{B0355B95-2F55-4163-8494-955310ADEB73}.Release|x86.ActiveCfg = Release|Win32
		{B0355B95-2F55-4163-8494-955310ADEB73}.Release|x86.Build.0 = Release|Win32
		{17D5B278-FEE5-409D-A9FF-F8F38934D06B}.Debug|x64.ActiveCfg = Debug|x64
		{17D5B278-FEE5-409D-A9FF-F8F38934D06B}.Debug|x64.Build.0 = Debug|x64
		{17D5B278-FEE5-409D-A9FF-F8F38934D06B}.Debug|x86.ActiveCfg = Debug|Win32
		{17D5B278-FEE5-409D-A9FF-F8F38934D06B}.Debug|x86.Build.0 = Debug|Win32
		{17D5B278-FEE5-409D-A9FF-F8F38934D06B}.Release|x64.ActiveCfg = Release|x64
		{17D5B278-FEE5-409D-A9FF-F8F38934D06B}.Release|x64.Build.0 = Release|x64
		{17D5B278-FEE5-409D-A9FF-F8F38934D06B}.Release|x86.ActiveCfg = Release|Win32
		{17D5B278-FEE5-409D-A9FF-F8F38934D06B}.Release|x86.Build.0 = Release|Win32
		{53383730-F205-4076-8D92-30DEA9E9B55E}.Debug|x64.ActiveCfg = Debug|x64
		{53383730-F205-4076-8D92-30DEA9E9B55E}.Debug|x64.Build.0 = Debug|x64
		{53383730-F205-4076-8D92-30DEA9E9B55E}.Debug|x86.ActiveCfg = Debug|Win32
		{53383730-F205-4076-8D92-30DEA9E9B55E}.Debug|x86.Build.0 = Debug|Win32
		{53383730-F205-4076-8D92-30DEA9E9B55E}.Release|x64.ActiveCfg = Release|x64
		{53383730-F205-4076-8D92-30DEA9E9B55E}.Release|x64.Build.0 = Release|x64
		{53383730-F205-4076-8D92-30DEA9E9B55E}.Release|x86.ActiveCfg = Release|Win32
		{53383730-F205-4076-8D92-30DEA9E9B55E}.Release|x86.Build.0 = Release|Win32
		{53590519-E800-48BF-810F-BBDE82375B3E}.Debug|x64.ActiveCfg = Debug|x64
		{53590519-E800-48BF-810F-BBDE82375B3E}.Debug|x64.Build.0 = Debug|x64
		{53590519-E800-48BF-810F-BBDE82375B3E}.Debug|x86.ActiveCfg = Debug|Win32
		{53590519-E800-48BF-810F-BBDE82375B3E}.Debug|x86.Build.0 = Debug|Win32
		{53590519-E800-48BF-810F-BBDE82375B3E}.Release|x64.ActiveCfg = Release|x64
		{53590519-E800-48BF-810F-BBDE82375B3E}.Release|x64.Build.0 = Release|x64
		{53590519-E800-48BF-810F-BBDE82375B3E}.Release|x86.ActiveCfg = Release|Win32
		{53590519-E800-48BF-810F-BBDE82375B3E}.Release|x86.Build.0 = Release|Win32
		{9010192D-8018-4663-B0AD-CF724C10CB6E}.Debug|x64.ActiveCfg = Debug|x64
		{9010192D-8018-4663-B0AD-CF724C10CB6E}.Debug|x64.Build.0 = Debug|x64
		{9010192D-8018-4663-B0AD-CF724C10CB6E}.Debug|x86.ActiveCfg = Debug|Win32
		{9010192D-8018-4663-B0AD-CF724C10CB6E}.Debug|x86.Build.0 = Debug|Win32
		{9010192D-8018-4663-B0AD-CF724C10CB6E}.Release|x64.ActiveCfg = Release|x64
		{9010192D-8018-4663-B0AD-CF724C10CB6E}.Release|x64.Build.0 = Release|x64
		{9010192D-8018-4663-B0AD-CF724C10CB6E}.Release|x86.ActiveCfg = Release|Win32
		{9010192D-8018-4663-B0AD-CF724C10CB6E}.Release|x86.Build.0 = Release|Win32
		{D2D90BC5-8627-400F-82C5-24A955B58B2A}.Debug|x64.ActiveCfg = Debug|x64
		{D2D90BC5-8627-400F-82C5-24A955B58B2A}.Debug|x64.Build.0 = Debug|x64
		{D2D90BC5-8627-400F-82C5-24A955B58B2A}.Debug|x86.ActiveCfg = Debug|Win32
		{D2D90BC5-8627-400F-82C5-24A955B58B2A}.Debug|x86.Build.0 = Debug|Win32
		{D2D90BC5-8627-400F-82C5-24A955B58B2A}.Release|x64.ActiveCfg = Release|x64
		{D2D90BC5-8627-400F-82C5-24A955B58B2A}.Release|x64.Build.0 = Release|x64
		{D2D90BC5-8627-400F-82C5-24A955B58B2A}.Release|x86.ActiveCfg = Release|Win32
		{D2D90BC5-8627-400F-82C5-24A955B58B2A}.Release|x86.Build.0 = Release|Win32
		{361A5951-905B-4122-B259-6F1B1FBE6A41}.Debug|x64.ActiveCfg = Debug|x64
		{361A5951-905B-4122-B259-6F1B1FBE6A41}.Debug|x64.Build.0 = Debug|x64
		{361A5951-905B-4122-B259-6F1B1FBE6A41}.Debug|x86.ActiveCfg = Debug|Win32
		{361A5951-905B-4122-B259-6F1B1FBE6A41}.Debug|x86.Build.0 = Debug|Win32
		{361A5951-905B-4122-B259-6F1B1FBE6A41}.Release|x64.ActiveCfg = Release|x64
		{361A5951-905B-4122-B259-6F1B1FBE6A41}.Release|x64.Build.0 = Release|x64
		{361A5951-905B-4122-B259-6F1B1FBE6A41}.Release|x86.ActiveCfg = Release|Win32
		{361A5951-905B-4122-B259-6F1B1FBE6A41}.Release|x86.Build.0 = Release|Win32
		{1F7B5F68-90A7-4676-B86E-F1E2894F96F8}.Debug|x64.ActiveCfg = Debug|x64
		{1F7B5F68-90A7-4676-B86E-F1E2894F96F8}.Debug|x64.Build.0 = Debug|x64
		{1F7B5F68-90A7-4676-B86E-F1E2894F96F8}.Debug|x86.ActiveCfg = Debug|Win32
		{1F7B5F68-90A7-4676-B86E-F1E2894F96F8}.Debug|x86.Build.0 = Debug|Win32
		{1F7B5F68-90A7-4676-B86E-F1E2894F96F8}.Release|x64.ActiveCfg = Release|x64
		{1F7B5F68-90A7-4676-B86E-F1E2894F96F8}.Release|x64.Build.0 = Release|x64
		{1F7B5F68-90A7-4676-B86E-F1E2894F96F8}.Release|x86.ActiveCfg = Release|Win32
		{1F7B5F68-90A7-4676-B86E-F1E2894F96F8}.Release|x86.Build.0 = Release|Win32
		{C0AB1404-EF6E-4149-9930-F88E66750FFF}.Debug|x64.ActiveCfg = Debug|x64
		{C0AB1404-EF6E-4149-9930-F88E66750FFF}.Debug|x64.Build.0 = Debug|x64
		{C0AB1404-EF6E-4149-9930-F88E66750FFF}.Debug|x86.ActiveCfg = Debug|Win32
		{C0AB1404-EF6E-4149-9930-F88E66750FFF}.Debug|x86.Build.0 = Debug|Win32
		{C0AB1404-EF6E-4149-9930-F88E66750FFF}.Release|x64.ActiveCfg = Release|x64
		{C0AB1404-EF6E-4149-9930-F88E66750FFF}.Release|x64.Build.0 = Release|x64
		{C0AB1404-EF6E-4149-9930-F88E66750FFF}.Release|x86.ActiveCfg = Release|Win32
		{C0AB1404-EF6E-4149-9930-F88E66750FFF}.Release|x86.Build.0 = Release|Win32
		{739C0A2B-1DD8-4B00-AA03-8E2E068487C2}.Debug|x64.ActiveCfg = Debug|x64
		{739C0A2B-1DD8-4B00-AA03-8E2E068487C2}.Debug|x64.Build.0 = Debug|x64
		{739C0A2B-1DD8-4B00-AA03-8E2E068487C2}.Debug|x86.ActiveCfg = Debug|Win32
		{739C0A2B-1DD8-4B00-AA03-8E2E068487C2}.Debug|x86.Build.0 = Debug|Win32
		{739C0A2B-1DD8-4B00-AA03-8E2E068487C2}.Release|x64.ActiveCfg = Release|x64
		{739C0A2B-1DD8-4B00-AA03-8E2E068487C2}.Release|x64.Build.0 = Release|x64
		{739C0A2B-1DD8-4B00-AA03-8E2E068487C2}.Release|x86.ActiveCfg = Release|Win32
		{739C0A2B-1DD8-4B00-AA03-8E2E068487C2}.Release|x86.Build.0 = Release|Win32
		{DEFB2FFA-D136-4BB4-B11D-AF5C61188629}.Debug|x64.ActiveCfg = Debug|x64
		{DEFB2FFA-D136-4BB4-B11D-AF5C61188629}.Debug|x64.Build.0 = Debug|x64
		{DEFB2FFA-D136-4BB4-B11D-AF5C61188629}.Debug|x86.ActiveCfg = Debug|Win32
		{DEFB2FFA-D136-4BB4-B11D-AF5C61188629}.Debug|x86.Build.0 = Debug|Win32
		{DEFB2FFA-D136-4BB4-B11D-AF5C61188629}.Release|x64.ActiveCfg = Release|x64
		{DEFB2FFA-D136-4BB4-B11D-AF5C61188629}.Release|x64.Build.0 = Release|x64
		{DEFB2FFA-D136-4BB4-B11D-AF5C61188629}.Release|x86.ActiveCfg = Release|Win32
		{DEFB2FFA-D136-4BB4-B11D-AF5C61188629}.Release|x86.Build.0 = Release|Win32
		{9EF6893A-CF73-461E-B1BE-FDBD33E0F75F}.Debug|x64.ActiveCfg = Debug|x64
		{9EF6893A-CF73-461E-B1BE-FDBD33E0F75F}.Debug|x64.Build.0 = Debug|x64
		{9EF6893A-CF73-461E-B1BE-FDBD33E0F75F}.Debug|x86.ActiveCfg = Debug|Win32
		{9EF6893A-CF73-461E-B1BE-FDBD33E0F75F}.Debug|x86.Build.0 = Debug|Win32
		{9EF6893A-CF73-461E-B1BE-FDBD33E0F75F}.Release|x64.ActiveCfg = Release|x64
		{9EF6893A-CF73-461E-B1BE-FDBD33E0F75F}.Release|x64.Build.0 = Release|x64
		{9EF6893A-CF73-461E-B1BE-FDBD33E0F75F}.Release|x86.ActiveCfg = Release|Win32
		{9EF6893A-CF73-461E-B1BE-FDBD33E0F75F}.Release|x86.Build.0 = Release|Win32
	EndGlobalSection
	GlobalSection(SolutionProperties) = preSolution
		HideSolutionNode = FALSE
	EndGlobalSection
	GlobalSection(ExtensibilityGlobals) = postSolution
		SolutionGuid = {698BB48F-F4A6-4409-9FFF-1D951252B41D}
	EndGlobalSection
EndGlobal
