
Microsoft Visual Studio Solution File, Format Version 12.00
# Visual Studio Version 16
VisualStudioVersion = 16.0.31321.278
MinimumVisualStudioVersion = 10.0.40219.1
Project("{8BC9CEB8-8B4A-11D0-8D11-00A0C91BC942}") = "31_FMSP_01", "31_FMSP_01\31_FMSP_01.vcxproj", "{C8935713-1BE5-4048-962E-97137736A692}"
EndProject
Project("{8BC9CEB8-8B4A-11D0-8D11-00A0C91BC942}") = "32_FMPEBSSANT_01", "32_FMPEBSSANT_01\32_FMPEBSSANT_01.vcxproj", "{EBF90EB9-44AB-419C-84EC-C76DD7F3F820}"
EndProject
Project("{8BC9CEB8-8B4A-11D0-8D11-00A0C91BC942}") = "33_TRWP_01", "33_TRWP_01\33_TRWP_01.vcxproj", "{67227F98-44E3-46B9-9DCD-B3CE2E62E023}"
EndProject
Project("{8BC9CEB8-8B4A-11D0-8D11-00A0C91BC942}") = "33_TRWP_02", "33_TRWP_02\33_TRWP_02.vcxproj", "{F8BFD6CF-9DF2-40A1-8DA0-2BDF65AAA175}"
EndProject
Project("{8BC9CEB8-8B4A-11D0-8D11-00A0C91BC942}") = "34_FMPADTA_01", "34_FMPADTA_01\34_FMPADTA_01.vcxproj", "{EE61849D-3BB7-49DD-B1A2-DA7F5B47B945}"
EndProject
Project("{8BC9CEB8-8B4A-11D0-8D11-00A0C91BC942}") = "35_DACAA_01", "35_DACAA_01\35_DACAA_01.vcxproj", "{9E3FEE62-D43A-44C8-A424-172B37F5D4AF}"
EndProject
Project("{8BC9CEB8-8B4A-11D0-8D11-00A0C91BC942}") = "36_SAOS_01", "36_SAOS_01\36_SAOS_01.vcxproj", "{2B8CBDD9-F8A7-4112-BF85-F72CFC117CD0}"
EndProject
Project("{8BC9CEB8-8B4A-11D0-8D11-00A0C91BC942}") = "37_FTGSA_01", "37_FTGSA_01\37_FTGSA_01.vcxproj", "{40424628-BEB6-49CF-9500-85602672A64F}"
EndProject
Project("{8BC9CEB8-8B4A-11D0-8D11-00A0C91BC942}") = "37_FTGSA_02", "37_FTGSA_02\37_FTGSA_02.vcxproj", "{53D3B7F9-63BD-4A47-B4C6-577A3DEC5781}"
EndProject
Project("{8BC9CEB8-8B4A-11D0-8D11-00A0C91BC942}") = "37_FTGSA_03", "37_FTGSA_03\37_FTGSA_03.vcxproj", "{84D94094-A041-45C1-9CA8-D31F92684FD2}"
EndProject
Project("{8BC9CEB8-8B4A-11D0-8D11-00A0C91BC942}") = "38_FLCSLSS_01", "38_FLCSLSS_01\38_FLCSLSS_01.vcxproj", "{DD080AFF-D983-42A4-A8A3-94CE8C143BC9}"
EndProject
Project("{8BC9CEB8-8B4A-11D0-8D11-00A0C91BC942}") = "39_RECMEA_01", "39_RECMEA_01\39_RECMEA_01.vcxproj", "{A9356F93-0276-475B-A749-7EC80A095BC8}"
EndProject
Project("{8BC9CEB8-8B4A-11D0-8D11-00A0C91BC942}") = "40_MPSP_01", "40_MPSP_01\40_MPSP_01.vcxproj", "{2C465FB8-B2B3-4B0A-B5EC-00B2C9BC3F7D}"
EndProject
Project("{8BC9CEB8-8B4A-11D0-8D11-00A0C91BC942}") = "40_MPSP_02", "40_MPSP_02\40_MPSP_02.vcxproj", "{57304186-66C6-468F-803C-31237E95EFB5}"
EndProject
Global
	GlobalSection(SolutionConfigurationPlatforms) = preSolution
		Debug|x64 = Debug|x64
		Debug|x86 = Debug|x86
		Release|x64 = Release|x64
		Release|x86 = Release|x86
	EndGlobalSection
	GlobalSection(ProjectConfigurationPlatforms) = postSolution
		{C8935713-1BE5-4048-962E-97137736A692}.Debug|x64.ActiveCfg = Debug|x64
		{C8935713-1BE5-4048-962E-97137736A692}.Debug|x64.Build.0 = Debug|x64
		{C8935713-1BE5-4048-962E-97137736A692}.Debug|x86.ActiveCfg = Debug|Win32
		{C8935713-1BE5-4048-962E-97137736A692}.Debug|x86.Build.0 = Debug|Win32
		{C8935713-1BE5-4048-962E-97137736A692}.Release|x64.ActiveCfg = Release|x64
		{C8935713-1BE5-4048-962E-97137736A692}.Release|x64.Build.0 = Release|x64
		{C8935713-1BE5-4048-962E-97137736A692}.Release|x86.ActiveCfg = Release|Win32
		{C8935713-1BE5-4048-962E-97137736A692}.Release|x86.Build.0 = Release|Win32
		{EBF90EB9-44AB-419C-84EC-C76DD7F3F820}.Debug|x64.ActiveCfg = Debug|x64
		{EBF90EB9-44AB-419C-84EC-C76DD7F3F820}.Debug|x64.Build.0 = Debug|x64
		{EBF90EB9-44AB-419C-84EC-C76DD7F3F820}.Debug|x86.ActiveCfg = Debug|Win32
		{EBF90EB9-44AB-419C-84EC-C76DD7F3F820}.Debug|x86.Build.0 = Debug|Win32
		{EBF90EB9-44AB-419C-84EC-C76DD7F3F820}.Release|x64.ActiveCfg = Release|x64
		{EBF90EB9-44AB-419C-84EC-C76DD7F3F820}.Release|x64.Build.0 = Release|x64
		{EBF90EB9-44AB-419C-84EC-C76DD7F3F820}.Release|x86.ActiveCfg = Release|Win32
		{EBF90EB9-44AB-419C-84EC-C76DD7F3F820}.Release|x86.Build.0 = Release|Win32
		{67227F98-44E3-46B9-9DCD-B3CE2E62E023}.Debug|x64.ActiveCfg = Debug|x64
		{67227F98-44E3-46B9-9DCD-B3CE2E62E023}.Debug|x64.Build.0 = Debug|x64
		{67227F98-44E3-46B9-9DCD-B3CE2E62E023}.Debug|x86.ActiveCfg = Debug|Win32
		{67227F98-44E3-46B9-9DCD-B3CE2E62E023}.Debug|x86.Build.0 = Debug|Win32
		{67227F98-44E3-46B9-9DCD-B3CE2E62E023}.Release|x64.ActiveCfg = Release|x64
		{67227F98-44E3-46B9-9DCD-B3CE2E62E023}.Release|x64.Build.0 = Release|x64
		{67227F98-44E3-46B9-9DCD-B3CE2E62E023}.Release|x86.ActiveCfg = Release|Win32
		{67227F98-44E3-46B9-9DCD-B3CE2E62E023}.Release|x86.Build.0 = Release|Win32
		{F8BFD6CF-9DF2-40A1-8DA0-2BDF65AAA175}.Debug|x64.ActiveCfg = Debug|x64
		{F8BFD6CF-9DF2-40A1-8DA0-2BDF65AAA175}.Debug|x64.Build.0 = Debug|x64
		{F8BFD6CF-9DF2-40A1-8DA0-2BDF65AAA175}.Debug|x86.ActiveCfg = Debug|Win32
		{F8BFD6CF-9DF2-40A1-8DA0-2BDF65AAA175}.Debug|x86.Build.0 = Debug|Win32
		{F8BFD6CF-9DF2-40A1-8DA0-2BDF65AAA175}.Release|x64.ActiveCfg = Release|x64
		{F8BFD6CF-9DF2-40A1-8DA0-2BDF65AAA175}.Release|x64.Build.0 = Release|x64
		{F8BFD6CF-9DF2-40A1-8DA0-2BDF65AAA175}.Release|x86.ActiveCfg = Release|Win32
		{F8BFD6CF-9DF2-40A1-8DA0-2BDF65AAA175}.Release|x86.Build.0 = Release|Win32
		{EE61849D-3BB7-49DD-B1A2-DA7F5B47B945}.Debug|x64.ActiveCfg = Debug|x64
		{EE61849D-3BB7-49DD-B1A2-DA7F5B47B945}.Debug|x64.Build.0 = Debug|x64
		{EE61849D-3BB7-49DD-B1A2-DA7F5B47B945}.Debug|x86.ActiveCfg = Debug|Win32
		{EE61849D-3BB7-49DD-B1A2-DA7F5B47B945}.Debug|x86.Build.0 = Debug|Win32
		{EE61849D-3BB7-49DD-B1A2-DA7F5B47B945}.Release|x64.ActiveCfg = Release|x64
		{EE61849D-3BB7-49DD-B1A2-DA7F5B47B945}.Release|x64.Build.0 = Release|x64
		{EE61849D-3BB7-49DD-B1A2-DA7F5B47B945}.Release|x86.ActiveCfg = Release|Win32
		{EE61849D-3BB7-49DD-B1A2-DA7F5B47B945}.Release|x86.Build.0 = Release|Win32
		{9E3FEE62-D43A-44C8-A424-172B37F5D4AF}.Debug|x64.ActiveCfg = Debug|x64
		{9E3FEE62-D43A-44C8-A424-172B37F5D4AF}.Debug|x64.Build.0 = Debug|x64
		{9E3FEE62-D43A-44C8-A424-172B37F5D4AF}.Debug|x86.ActiveCfg = Debug|Win32
		{9E3FEE62-D43A-44C8-A424-172B37F5D4AF}.Debug|x86.Build.0 = Debug|Win32
		{9E3FEE62-D43A-44C8-A424-172B37F5D4AF}.Release|x64.ActiveCfg = Release|x64
		{9E3FEE62-D43A-44C8-A424-172B37F5D4AF}.Release|x64.Build.0 = Release|x64
		{9E3FEE62-D43A-44C8-A424-172B37F5D4AF}.Release|x86.ActiveCfg = Release|Win32
		{9E3FEE62-D43A-44C8-A424-172B37F5D4AF}.Release|x86.Build.0 = Release|Win32
		{2B8CBDD9-F8A7-4112-BF85-F72CFC117CD0}.Debug|x64.ActiveCfg = Debug|x64
		{2B8CBDD9-F8A7-4112-BF85-F72CFC117CD0}.Debug|x64.Build.0 = Debug|x64
		{2B8CBDD9-F8A7-4112-BF85-F72CFC117CD0}.Debug|x86.ActiveCfg = Debug|Win32
		{2B8CBDD9-F8A7-4112-BF85-F72CFC117CD0}.Debug|x86.Build.0 = Debug|Win32
		{2B8CBDD9-F8A7-4112-BF85-F72CFC117CD0}.Release|x64.ActiveCfg = Release|x64
		{2B8CBDD9-F8A7-4112-BF85-F72CFC117CD0}.Release|x64.Build.0 = Release|x64
		{2B8CBDD9-F8A7-4112-BF85-F72CFC117CD0}.Release|x86.ActiveCfg = Release|Win32
		{2B8CBDD9-F8A7-4112-BF85-F72CFC117CD0}.Release|x86.Build.0 = Release|Win32
		{40424628-BEB6-49CF-9500-85602672A64F}.Debug|x64.ActiveCfg = Debug|x64
		{40424628-BEB6-49CF-9500-85602672A64F}.Debug|x64.Build.0 = Debug|x64
		{40424628-BEB6-49CF-9500-85602672A64F}.Debug|x86.ActiveCfg = Debug|Win32
		{40424628-BEB6-49CF-9500-85602672A64F}.Debug|x86.Build.0 = Debug|Win32
		{40424628-BEB6-49CF-9500-85602672A64F}.Release|x64.ActiveCfg = Release|x64
		{40424628-BEB6-49CF-9500-85602672A64F}.Release|x64.Build.0 = Release|x64
		{40424628-BEB6-49CF-9500-85602672A64F}.Release|x86.ActiveCfg = Release|Win32
		{40424628-BEB6-49CF-9500-85602672A64F}.Release|x86.Build.0 = Release|Win32
		{53D3B7F9-63BD-4A47-B4C6-577A3DEC5781}.Debug|x64.ActiveCfg = Debug|x64
		{53D3B7F9-63BD-4A47-B4C6-577A3DEC5781}.Debug|x64.Build.0 = Debug|x64
		{53D3B7F9-63BD-4A47-B4C6-577A3DEC5781}.Debug|x86.ActiveCfg = Debug|Win32
		{53D3B7F9-63BD-4A47-B4C6-577A3DEC5781}.Debug|x86.Build.0 = Debug|Win32
		{53D3B7F9-63BD-4A47-B4C6-577A3DEC5781}.Release|x64.ActiveCfg = Release|x64
		{53D3B7F9-63BD-4A47-B4C6-577A3DEC5781}.Release|x64.Build.0 = Release|x64
		{53D3B7F9-63BD-4A47-B4C6-577A3DEC5781}.Release|x86.ActiveCfg = Release|Win32
		{53D3B7F9-63BD-4A47-B4C6-577A3DEC5781}.Release|x86.Build.0 = Release|Win32
		{84D94094-A041-45C1-9CA8-D31F92684FD2}.Debug|x64.ActiveCfg = Debug|x64
		{84D94094-A041-45C1-9CA8-D31F92684FD2}.Debug|x64.Build.0 = Debug|x64
		{84D94094-A041-45C1-9CA8-D31F92684FD2}.Debug|x86.ActiveCfg = Debug|Win32
		{84D94094-A041-45C1-9CA8-D31F92684FD2}.Debug|x86.Build.0 = Debug|Win32
		{84D94094-A041-45C1-9CA8-D31F92684FD2}.Release|x64.ActiveCfg = Release|x64
		{84D94094-A041-45C1-9CA8-D31F92684FD2}.Release|x64.Build.0 = Release|x64
		{84D94094-A041-45C1-9CA8-D31F92684FD2}.Release|x86.ActiveCfg = Release|Win32
		{84D94094-A041-45C1-9CA8-D31F92684FD2}.Release|x86.Build.0 = Release|Win32
		{DD080AFF-D983-42A4-A8A3-94CE8C143BC9}.Debug|x64.ActiveCfg = Debug|x64
		{DD080AFF-D983-42A4-A8A3-94CE8C143BC9}.Debug|x64.Build.0 = Debug|x64
		{DD080AFF-D983-42A4-A8A3-94CE8C143BC9}.Debug|x86.ActiveCfg = Debug|Win32
		{DD080AFF-D983-42A4-A8A3-94CE8C143BC9}.Debug|x86.Build.0 = Debug|Win32
		{DD080AFF-D983-42A4-A8A3-94CE8C143BC9}.Release|x64.ActiveCfg = Release|x64
		{DD080AFF-D983-42A4-A8A3-94CE8C143BC9}.Release|x64.Build.0 = Release|x64
		{DD080AFF-D983-42A4-A8A3-94CE8C143BC9}.Release|x86.ActiveCfg = Release|Win32
		{DD080AFF-D983-42A4-A8A3-94CE8C143BC9}.Release|x86.Build.0 = Release|Win32
		{A9356F93-0276-475B-A749-7EC80A095BC8}.Debug|x64.ActiveCfg = Debug|x64
		{A9356F93-0276-475B-A749-7EC80A095BC8}.Debug|x64.Build.0 = Debug|x64
		{A9356F93-0276-475B-A749-7EC80A095BC8}.Debug|x86.ActiveCfg = Debug|Win32
		{A9356F93-0276-475B-A749-7EC80A095BC8}.Debug|x86.Build.0 = Debug|Win32
		{A9356F93-0276-475B-A749-7EC80A095BC8}.Release|x64.ActiveCfg = Release|x64
		{A9356F93-0276-475B-A749-7EC80A095BC8}.Release|x64.Build.0 = Release|x64
		{A9356F93-0276-475B-A749-7EC80A095BC8}.Release|x86.ActiveCfg = Release|Win32
		{A9356F93-0276-475B-A749-7EC80A095BC8}.Release|x86.Build.0 = Release|Win32
		{2C465FB8-B2B3-4B0A-B5EC-00B2C9BC3F7D}.Debug|x64.ActiveCfg = Debug|x64
		{2C465FB8-B2B3-4B0A-B5EC-00B2C9BC3F7D}.Debug|x64.Build.0 = Debug|x64
		{2C465FB8-B2B3-4B0A-B5EC-00B2C9BC3F7D}.Debug|x86.ActiveCfg = Debug|Win32
		{2C465FB8-B2B3-4B0A-B5EC-00B2C9BC3F7D}.Debug|x86.Build.0 = Debug|Win32
		{2C465FB8-B2B3-4B0A-B5EC-00B2C9BC3F7D}.Release|x64.ActiveCfg = Release|x64
		{2C465FB8-B2B3-4B0A-B5EC-00B2C9BC3F7D}.Release|x64.Build.0 = Release|x64
		{2C465FB8-B2B3-4B0A-B5EC-00B2C9BC3F7D}.Release|x86.ActiveCfg = Release|Win32
		{2C465FB8-B2B3-4B0A-B5EC-00B2C9BC3F7D}.Release|x86.Build.0 = Release|Win32
		{57304186-66C6-468F-803C-31237E95EFB5}.Debug|x64.ActiveCfg = Debug|x64
		{57304186-66C6-468F-803C-31237E95EFB5}.Debug|x64.Build.0 = Debug|x64
		{57304186-66C6-468F-803C-31237E95EFB5}.Debug|x86.ActiveCfg = Debug|Win32
		{57304186-66C6-468F-803C-31237E95EFB5}.Debug|x86.Build.0 = Debug|Win32
		{57304186-66C6-468F-803C-31237E95EFB5}.Release|x64.ActiveCfg = Release|x64
		{57304186-66C6-468F-803C-31237E95EFB5}.Release|x64.Build.0 = Release|x64
		{57304186-66C6-468F-803C-31237E95EFB5}.Release|x86.ActiveCfg = Release|Win32
		{57304186-66C6-468F-803C-31237E95EFB5}.Release|x86.Build.0 = Release|Win32
	EndGlobalSection
	GlobalSection(SolutionProperties) = preSolution
		HideSolutionNode = FALSE
	EndGlobalSection
	GlobalSection(ExtensibilityGlobals) = postSolution
		SolutionGuid = {74006520-9EF2-4060-84D1-205BF53794EF}
	EndGlobalSection
EndGlobal
