
Microsoft Visual Studio Solution File, Format Version 12.00
# Visual Studio Version 16
VisualStudioVersion = 16.0.31424.327
MinimumVisualStudioVersion = 10.0.40219.1
Project("{8BC9CEB8-8B4A-11D0-8D11-00A0C91BC942}") = "81_LRA_01", "81_LRA_01\81_LRA_01.vcxproj", "{6E598598-01B2-4999-9F7A-81CBB6E791D8}"
EndProject
Project("{8BC9CEB8-8B4A-11D0-8D11-00A0C91BC942}") = "81_LRA_02", "81_LRA_02\81_LRA_02.vcxproj", "{74D641CB-EDDB-452A-AFBB-A003D2B61F39}"
EndProject
Project("{8BC9CEB8-8B4A-11D0-8D11-00A0C91BC942}") = "81_LRA_03", "81_LRA_03\81_LRA_03.vcxproj", "{8B9C877D-BC8C-477B-B417-7D38B72E7F3D}"
EndProject
Project("{8BC9CEB8-8B4A-11D0-8D11-00A0C91BC942}") = "82_RRAKT_01", "82_RRAKT_01\82_RRAKT_01.vcxproj", "{5B8F5746-9249-4306-95C4-7F48A6FC5410}"
EndProject
Project("{8BC9CEB8-8B4A-11D0-8D11-00A0C91BC942}") = "82_RRAKT_02", "82_RRAKT_02\82_RRAKT_02.vcxproj", "{46D73349-060E-4352-846E-5760F661F302}"
EndProject
Project("{8BC9CEB8-8B4A-11D0-8D11-00A0C91BC942}") = "82_RRAKT_03", "82_RRAKT_03\82_RRAKT_03.vcxproj", "{6A5273EF-F7C9-43C9-9D2E-DD463D3F16E7}"
EndProject
Project("{8BC9CEB8-8B4A-11D0-8D11-00A0C91BC942}") = "83_ASP_01", "83_ASP_01\83_ASP_01.vcxproj", "{5D96A6E4-84CC-4669-AC36-17ED3BDCDDAD}"
EndProject
Project("{8BC9CEB8-8B4A-11D0-8D11-00A0C91BC942}") = "84_JSPD_01", "84_JSPD_01\84_JSPD_01.vcxproj", "{F0D443E1-27DA-46BD-91EC-2466923E529C}"
EndProject
Project("{8BC9CEB8-8B4A-11D0-8D11-00A0C91BC942}") = "85_TPPEPAP_01", "85_TPPEPAP_01\85_TPPEPAP_01.vcxproj", "{ABDC9531-CA05-45E0-998D-E4151987BC8B}"
EndProject
Project("{8BC9CEB8-8B4A-11D0-8D11-00A0C91BC942}") = "86_CTFIA_01", "86_CTFIA_01\86_CTFIA_01.vcxproj", "{8BB79C8C-5F3B-407A-975F-96A2F2B8CB2B}"
EndProject
Project("{8BC9CEB8-8B4A-11D0-8D11-00A0C91BC942}") = "86_CTFIA_02", "86_CTFIA_02\86_CTFIA_02.vcxproj", "{6B9503B9-373F-41C2-9C30-0AF7565584F6}"
EndProject
Project("{8BC9CEB8-8B4A-11D0-8D11-00A0C91BC942}") = "87_DADPSDK_01", "87_DADPSDK_01\87_DADPSDK_01.vcxproj", "{F863FCFA-0570-48BB-9935-78532D1AA93C}"
EndProject
Project("{8BC9CEB8-8B4A-11D0-8D11-00A0C91BC942}") = "87_DADPSDK_02", "87_DADPSDK_02\87_DADPSDK_02.vcxproj", "{4FE32BFA-B1F7-4A0B-8919-5CBF08A733A7}"
EndProject
Project("{8BC9CEB8-8B4A-11D0-8D11-00A0C91BC942}") = "88_FMRRASGC_01", "88_FMRRASGC_01\88_FMRRASGC_01.vcxproj", "{43E4A337-D871-40A5-9CFA-4D1430BC9E13}"
EndProject
Project("{8BC9CEB8-8B4A-11D0-8D11-00A0C91BC942}") = "89_FPGSCSA_01", "89_FPGSCSA_01\89_FPGSCSA_01.vcxproj", "{CEC21950-BB95-4C60-B64F-8DC0F95537C5}"
EndProject
Project("{8BC9CEB8-8B4A-11D0-8D11-00A0C91BC942}") = "90_SPNILT_01", "90_SPNILT_01\90_SPNILT_01.vcxproj", "{4DA04DAC-4191-476F-BD3C-C1748BA84929}"
EndProject
Global
	GlobalSection(SolutionConfigurationPlatforms) = preSolution
		Debug|x64 = Debug|x64
		Debug|x86 = Debug|x86
		Release|x64 = Release|x64
		Release|x86 = Release|x86
	EndGlobalSection
	GlobalSection(ProjectConfigurationPlatforms) = postSolution
		{6E598598-01B2-4999-9F7A-81CBB6E791D8}.Debug|x64.ActiveCfg = Debug|x64
		{6E598598-01B2-4999-9F7A-81CBB6E791D8}.Debug|x64.Build.0 = Debug|x64
		{6E598598-01B2-4999-9F7A-81CBB6E791D8}.Debug|x86.ActiveCfg = Debug|Win32
		{6E598598-01B2-4999-9F7A-81CBB6E791D8}.Debug|x86.Build.0 = Debug|Win32
		{6E598598-01B2-4999-9F7A-81CBB6E791D8}.Release|x64.ActiveCfg = Release|x64
		{6E598598-01B2-4999-9F7A-81CBB6E791D8}.Release|x64.Build.0 = Release|x64
		{6E598598-01B2-4999-9F7A-81CBB6E791D8}.Release|x86.ActiveCfg = Release|Win32
		{6E598598-01B2-4999-9F7A-81CBB6E791D8}.Release|x86.Build.0 = Release|Win32
		{74D641CB-EDDB-452A-AFBB-A003D2B61F39}.Debug|x64.ActiveCfg = Debug|x64
		{74D641CB-EDDB-452A-AFBB-A003D2B61F39}.Debug|x64.Build.0 = Debug|x64
		{74D641CB-EDDB-452A-AFBB-A003D2B61F39}.Debug|x86.ActiveCfg = Debug|Win32
		{74D641CB-EDDB-452A-AFBB-A003D2B61F39}.Debug|x86.Build.0 = Debug|Win32
		{74D641CB-EDDB-452A-AFBB-A003D2B61F39}.Release|x64.ActiveCfg = Release|x64
		{74D641CB-EDDB-452A-AFBB-A003D2B61F39}.Release|x64.Build.0 = Release|x64
		{74D641CB-EDDB-452A-AFBB-A003D2B61F39}.Release|x86.ActiveCfg = Release|Win32
		{74D641CB-EDDB-452A-AFBB-A003D2B61F39}.Release|x86.Build.0 = Release|Win32
		{8B9C877D-BC8C-477B-B417-7D38B72E7F3D}.Debug|x64.ActiveCfg = Debug|x64
		{8B9C877D-BC8C-477B-B417-7D38B72E7F3D}.Debug|x64.Build.0 = Debug|x64
		{8B9C877D-BC8C-477B-B417-7D38B72E7F3D}.Debug|x86.ActiveCfg = Debug|Win32
		{8B9C877D-BC8C-477B-B417-7D38B72E7F3D}.Debug|x86.Build.0 = Debug|Win32
		{8B9C877D-BC8C-477B-B417-7D38B72E7F3D}.Release|x64.ActiveCfg = Release|x64
		{8B9C877D-BC8C-477B-B417-7D38B72E7F3D}.Release|x64.Build.0 = Release|x64
		{8B9C877D-BC8C-477B-B417-7D38B72E7F3D}.Release|x86.ActiveCfg = Release|Win32
		{8B9C877D-BC8C-477B-B417-7D38B72E7F3D}.Release|x86.Build.0 = Release|Win32
		{5B8F5746-9249-4306-95C4-7F48A6FC5410}.Debug|x64.ActiveCfg = Debug|x64
		{5B8F5746-9249-4306-95C4-7F48A6FC5410}.Debug|x64.Build.0 = Debug|x64
		{5B8F5746-9249-4306-95C4-7F48A6FC5410}.Debug|x86.ActiveCfg = Debug|Win32
		{5B8F5746-9249-4306-95C4-7F48A6FC5410}.Debug|x86.Build.0 = Debug|Win32
		{5B8F5746-9249-4306-95C4-7F48A6FC5410}.Release|x64.ActiveCfg = Release|x64
		{5B8F5746-9249-4306-95C4-7F48A6FC5410}.Release|x64.Build.0 = Release|x64
		{5B8F5746-9249-4306-95C4-7F48A6FC5410}.Release|x86.ActiveCfg = Release|Win32
		{5B8F5746-9249-4306-95C4-7F48A6FC5410}.Release|x86.Build.0 = Release|Win32
		{46D73349-060E-4352-846E-5760F661F302}.Debug|x64.ActiveCfg = Debug|x64
		{46D73349-060E-4352-846E-5760F661F302}.Debug|x64.Build.0 = Debug|x64
		{46D73349-060E-4352-846E-5760F661F302}.Debug|x86.ActiveCfg = Debug|Win32
		{46D73349-060E-4352-846E-5760F661F302}.Debug|x86.Build.0 = Debug|Win32
		{46D73349-060E-4352-846E-5760F661F302}.Release|x64.ActiveCfg = Release|x64
		{46D73349-060E-4352-846E-5760F661F302}.Release|x64.Build.0 = Release|x64
		{46D73349-060E-4352-846E-5760F661F302}.Release|x86.ActiveCfg = Release|Win32
		{46D73349-060E-4352-846E-5760F661F302}.Release|x86.Build.0 = Release|Win32
		{6A5273EF-F7C9-43C9-9D2E-DD463D3F16E7}.Debug|x64.ActiveCfg = Debug|x64
		{6A5273EF-F7C9-43C9-9D2E-DD463D3F16E7}.Debug|x64.Build.0 = Debug|x64
		{6A5273EF-F7C9-43C9-9D2E-DD463D3F16E7}.Debug|x86.ActiveCfg = Debug|Win32
		{6A5273EF-F7C9-43C9-9D2E-DD463D3F16E7}.Debug|x86.Build.0 = Debug|Win32
		{6A5273EF-F7C9-43C9-9D2E-DD463D3F16E7}.Release|x64.ActiveCfg = Release|x64
		{6A5273EF-F7C9-43C9-9D2E-DD463D3F16E7}.Release|x64.Build.0 = Release|x64
		{6A5273EF-F7C9-43C9-9D2E-DD463D3F16E7}.Release|x86.ActiveCfg = Release|Win32
		{6A5273EF-F7C9-43C9-9D2E-DD463D3F16E7}.Release|x86.Build.0 = Release|Win32
		{5D96A6E4-84CC-4669-AC36-17ED3BDCDDAD}.Debug|x64.ActiveCfg = Debug|x64
		{5D96A6E4-84CC-4669-AC36-17ED3BDCDDAD}.Debug|x64.Build.0 = Debug|x64
		{5D96A6E4-84CC-4669-AC36-17ED3BDCDDAD}.Debug|x86.ActiveCfg = Debug|Win32
		{5D96A6E4-84CC-4669-AC36-17ED3BDCDDAD}.Debug|x86.Build.0 = Debug|Win32
		{5D96A6E4-84CC-4669-AC36-17ED3BDCDDAD}.Release|x64.ActiveCfg = Release|x64
		{5D96A6E4-84CC-4669-AC36-17ED3BDCDDAD}.Release|x64.Build.0 = Release|x64
		{5D96A6E4-84CC-4669-AC36-17ED3BDCDDAD}.Release|x86.ActiveCfg = Release|Win32
		{5D96A6E4-84CC-4669-AC36-17ED3BDCDDAD}.Release|x86.Build.0 = Release|Win32
		{F0D443E1-27DA-46BD-91EC-2466923E529C}.Debug|x64.ActiveCfg = Debug|x64
		{F0D443E1-27DA-46BD-91EC-2466923E529C}.Debug|x64.Build.0 = Debug|x64
		{F0D443E1-27DA-46BD-91EC-2466923E529C}.Debug|x86.ActiveCfg = Debug|Win32
		{F0D443E1-27DA-46BD-91EC-2466923E529C}.Debug|x86.Build.0 = Debug|Win32
		{F0D443E1-27DA-46BD-91EC-2466923E529C}.Release|x64.ActiveCfg = Release|x64
		{F0D443E1-27DA-46BD-91EC-2466923E529C}.Release|x64.Build.0 = Release|x64
		{F0D443E1-27DA-46BD-91EC-2466923E529C}.Release|x86.ActiveCfg = Release|Win32
		{F0D443E1-27DA-46BD-91EC-2466923E529C}.Release|x86.Build.0 = Release|Win32
		{ABDC9531-CA05-45E0-998D-E4151987BC8B}.Debug|x64.ActiveCfg = Debug|x64
		{ABDC9531-CA05-45E0-998D-E4151987BC8B}.Debug|x64.Build.0 = Debug|x64
		{ABDC9531-CA05-45E0-998D-E4151987BC8B}.Debug|x86.ActiveCfg = Debug|Win32
		{ABDC9531-CA05-45E0-998D-E4151987BC8B}.Debug|x86.Build.0 = Debug|Win32
		{ABDC9531-CA05-45E0-998D-E4151987BC8B}.Release|x64.ActiveCfg = Release|x64
		{ABDC9531-CA05-45E0-998D-E4151987BC8B}.Release|x64.Build.0 = Release|x64
		{ABDC9531-CA05-45E0-998D-E4151987BC8B}.Release|x86.ActiveCfg = Release|Win32
		{ABDC9531-CA05-45E0-998D-E4151987BC8B}.Release|x86.Build.0 = Release|Win32
		{8BB79C8C-5F3B-407A-975F-96A2F2B8CB2B}.Debug|x64.ActiveCfg = Debug|x64
		{8BB79C8C-5F3B-407A-975F-96A2F2B8CB2B}.Debug|x64.Build.0 = Debug|x64
		{8BB79C8C-5F3B-407A-975F-96A2F2B8CB2B}.Debug|x86.ActiveCfg = Debug|Win32
		{8BB79C8C-5F3B-407A-975F-96A2F2B8CB2B}.Debug|x86.Build.0 = Debug|Win32
		{8BB79C8C-5F3B-407A-975F-96A2F2B8CB2B}.Release|x64.ActiveCfg = Release|x64
		{8BB79C8C-5F3B-407A-975F-96A2F2B8CB2B}.Release|x64.Build.0 = Release|x64
		{8BB79C8C-5F3B-407A-975F-96A2F2B8CB2B}.Release|x86.ActiveCfg = Release|Win32
		{8BB79C8C-5F3B-407A-975F-96A2F2B8CB2B}.Release|x86.Build.0 = Release|Win32
		{6B9503B9-373F-41C2-9C30-0AF7565584F6}.Debug|x64.ActiveCfg = Debug|x64
		{6B9503B9-373F-41C2-9C30-0AF7565584F6}.Debug|x64.Build.0 = Debug|x64
		{6B9503B9-373F-41C2-9C30-0AF7565584F6}.Debug|x86.ActiveCfg = Debug|Win32
		{6B9503B9-373F-41C2-9C30-0AF7565584F6}.Debug|x86.Build.0 = Debug|Win32
		{6B9503B9-373F-41C2-9C30-0AF7565584F6}.Release|x64.ActiveCfg = Release|x64
		{6B9503B9-373F-41C2-9C30-0AF7565584F6}.Release|x64.Build.0 = Release|x64
		{6B9503B9-373F-41C2-9C30-0AF7565584F6}.Release|x86.ActiveCfg = Release|Win32
		{6B9503B9-373F-41C2-9C30-0AF7565584F6}.Release|x86.Build.0 = Release|Win32
		{F863FCFA-0570-48BB-9935-78532D1AA93C}.Debug|x64.ActiveCfg = Debug|x64
		{F863FCFA-0570-48BB-9935-78532D1AA93C}.Debug|x64.Build.0 = Debug|x64
		{F863FCFA-0570-48BB-9935-78532D1AA93C}.Debug|x86.ActiveCfg = Debug|Win32
		{F863FCFA-0570-48BB-9935-78532D1AA93C}.Debug|x86.Build.0 = Debug|Win32
		{F863FCFA-0570-48BB-9935-78532D1AA93C}.Release|x64.ActiveCfg = Release|x64
		{F863FCFA-0570-48BB-9935-78532D1AA93C}.Release|x64.Build.0 = Release|x64
		{F863FCFA-0570-48BB-9935-78532D1AA93C}.Release|x86.ActiveCfg = Release|Win32
		{F863FCFA-0570-48BB-9935-78532D1AA93C}.Release|x86.Build.0 = Release|Win32
		{4FE32BFA-B1F7-4A0B-8919-5CBF08A733A7}.Debug|x64.ActiveCfg = Debug|x64
		{4FE32BFA-B1F7-4A0B-8919-5CBF08A733A7}.Debug|x64.Build.0 = Debug|x64
		{4FE32BFA-B1F7-4A0B-8919-5CBF08A733A7}.Debug|x86.ActiveCfg = Debug|Win32
		{4FE32BFA-B1F7-4A0B-8919-5CBF08A733A7}.Debug|x86.Build.0 = Debug|Win32
		{4FE32BFA-B1F7-4A0B-8919-5CBF08A733A7}.Release|x64.ActiveCfg = Release|x64
		{4FE32BFA-B1F7-4A0B-8919-5CBF08A733A7}.Release|x64.Build.0 = Release|x64
		{4FE32BFA-B1F7-4A0B-8919-5CBF08A733A7}.Release|x86.ActiveCfg = Release|Win32
		{4FE32BFA-B1F7-4A0B-8919-5CBF08A733A7}.Release|x86.Build.0 = Release|Win32
		{43E4A337-D871-40A5-9CFA-4D1430BC9E13}.Debug|x64.ActiveCfg = Debug|x64
		{43E4A337-D871-40A5-9CFA-4D1430BC9E13}.Debug|x64.Build.0 = Debug|x64
		{43E4A337-D871-40A5-9CFA-4D1430BC9E13}.Debug|x86.ActiveCfg = Debug|Win32
		{43E4A337-D871-40A5-9CFA-4D1430BC9E13}.Debug|x86.Build.0 = Debug|Win32
		{43E4A337-D871-40A5-9CFA-4D1430BC9E13}.Release|x64.ActiveCfg = Release|x64
		{43E4A337-D871-40A5-9CFA-4D1430BC9E13}.Release|x64.Build.0 = Release|x64
		{43E4A337-D871-40A5-9CFA-4D1430BC9E13}.Release|x86.ActiveCfg = Release|Win32
		{43E4A337-D871-40A5-9CFA-4D1430BC9E13}.Release|x86.Build.0 = Release|Win32
		{CEC21950-BB95-4C60-B64F-8DC0F95537C5}.Debug|x64.ActiveCfg = Debug|x64
		{CEC21950-BB95-4C60-B64F-8DC0F95537C5}.Debug|x64.Build.0 = Debug|x64
		{CEC21950-BB95-4C60-B64F-8DC0F95537C5}.Debug|x86.ActiveCfg = Debug|Win32
		{CEC21950-BB95-4C60-B64F-8DC0F95537C5}.Debug|x86.Build.0 = Debug|Win32
		{CEC21950-BB95-4C60-B64F-8DC0F95537C5}.Release|x64.ActiveCfg = Release|x64
		{CEC21950-BB95-4C60-B64F-8DC0F95537C5}.Release|x64.Build.0 = Release|x64
		{CEC21950-BB95-4C60-B64F-8DC0F95537C5}.Release|x86.ActiveCfg = Release|Win32
		{CEC21950-BB95-4C60-B64F-8DC0F95537C5}.Release|x86.Build.0 = Release|Win32
		{4DA04DAC-4191-476F-BD3C-C1748BA84929}.Debug|x64.ActiveCfg = Debug|x64
		{4DA04DAC-4191-476F-BD3C-C1748BA84929}.Debug|x64.Build.0 = Debug|x64
		{4DA04DAC-4191-476F-BD3C-C1748BA84929}.Debug|x86.ActiveCfg = Debug|Win32
		{4DA04DAC-4191-476F-BD3C-C1748BA84929}.Debug|x86.Build.0 = Debug|Win32
		{4DA04DAC-4191-476F-BD3C-C1748BA84929}.Release|x64.ActiveCfg = Release|x64
		{4DA04DAC-4191-476F-BD3C-C1748BA84929}.Release|x64.Build.0 = Release|x64
		{4DA04DAC-4191-476F-BD3C-C1748BA84929}.Release|x86.ActiveCfg = Release|Win32
		{4DA04DAC-4191-476F-BD3C-C1748BA84929}.Release|x86.Build.0 = Release|Win32
	EndGlobalSection
	GlobalSection(SolutionProperties) = preSolution
		HideSolutionNode = FALSE
	EndGlobalSection
	GlobalSection(ExtensibilityGlobals) = postSolution
		SolutionGuid = {028A880B-BA1F-4E67-9A46-BB18E82751DC}
	EndGlobalSection
EndGlobal
