
Microsoft Visual Studio Solution File, Format Version 12.00
# Visual Studio Version 16
VisualStudioVersion = 16.0.31424.327
MinimumVisualStudioVersion = 10.0.40219.1
Project("{8BC9CEB8-8B4A-11D0-8D11-00A0C91BC942}") = "91_FMMEAMC_01", "91_FMMEAMC_01\91_FMMEAMC_01.vcxproj", "{47C94CD8-F644-4801-92B0-A01A151BC6D8}"
EndProject
Project("{8BC9CEB8-8B4A-11D0-8D11-00A0C91BC942}") = "91_FMMEAMC_02", "91_FMMEAMC_02\91_FMMEAMC_02.vcxproj", "{E42A97EE-B30C-453E-9FEA-126D604DB428}"
EndProject
Project("{8BC9CEB8-8B4A-11D0-8D11-00A0C91BC942}") = "92_ISA_01", "92_ISA_01\92_ISA_01.vcxproj", "{96307D28-3A88-4802-BB27-A6741ED60A57}"
EndProject
Project("{8BC9CEB8-8B4A-11D0-8D11-00A0C91BC942}") = "92_ISA_02", "92_ISA_02\92_ISA_02.vcxproj", "{9C11DB79-2D96-4DCE-AC68-41DBAF7A377D}"
EndProject
Project("{8BC9CEB8-8B4A-11D0-8D11-00A0C91BC942}") = "93_SSA_01", "93_SSA_01\93_SSA_01.vcxproj", "{071E3A41-8CEA-44FF-8206-A7D113420FC8}"
EndProject
Project("{8BC9CEB8-8B4A-11D0-8D11-00A0C91BC942}") = "93_SSA_02", "93_SSA_02\93_SSA_02.vcxproj", "{EA7F6210-3819-4F75-8989-76959571A1DE}"
EndProject
Project("{8BC9CEB8-8B4A-11D0-8D11-00A0C91BC942}") = "94_BSA_01", "94_BSA_01\94_BSA_01.vcxproj", "{E8CADB57-E310-42FF-AC95-771FB54B4A0E}"
EndProject
Project("{8BC9CEB8-8B4A-11D0-8D11-00A0C91BC942}") = "94_BSA_02", "94_BSA_02\94_BSA_02.vcxproj", "{B071B06B-432E-46C9-A74E-326B282C1AAC}"
EndProject
Project("{8BC9CEB8-8B4A-11D0-8D11-00A0C91BC942}") = "95_MSA_01", "95_MSA_01\95_MSA_01.vcxproj", "{D09182EF-05B7-4BB9-B5F3-9A655D6F700A}"
EndProject
Project("{8BC9CEB8-8B4A-11D0-8D11-00A0C91BC942}") = "96_IMSA_01", "96_IMSA_01\96_IMSA_01.vcxproj", "{7DFC8891-2BDD-4617-AF9B-2AEC1428FDBE}"
EndProject
Project("{8BC9CEB8-8B4A-11D0-8D11-00A0C91BC942}") = "97_QSA_01", "97_QSA_01\97_QSA_01.vcxproj", "{36466D89-4B4A-48E0-BA2F-00B2E8FCD816}"
EndProject
Project("{8BC9CEB8-8B4A-11D0-8D11-00A0C91BC942}") = "98_HQSA_01", "98_HQSA_01\98_HQSA_01.vcxproj", "{30D19E3F-8A90-418A-BA9E-8E05A098C5F3}"
EndProject
Project("{8BC9CEB8-8B4A-11D0-8D11-00A0C91BC942}") = "99_QSDNFA_01", "99_QSDNFA_01\99_QSDNFA_01.vcxproj", "{29C880F2-7E2C-4A2B-A92F-C22786EA5C77}"
EndProject
Project("{8BC9CEB8-8B4A-11D0-8D11-00A0C91BC942}") = "100_QSAHPS_01", "100_QSAHPS_01\100_QSAHPS_01.vcxproj", "{F3506CDA-51CF-433E-8023-7B5A3020C6F8}"
EndProject
Global
	GlobalSection(SolutionConfigurationPlatforms) = preSolution
		Debug|x64 = Debug|x64
		Debug|x86 = Debug|x86
		Release|x64 = Release|x64
		Release|x86 = Release|x86
	EndGlobalSection
	GlobalSection(ProjectConfigurationPlatforms) = postSolution
		{47C94CD8-F644-4801-92B0-A01A151BC6D8}.Debug|x64.ActiveCfg = Debug|x64
		{47C94CD8-F644-4801-92B0-A01A151BC6D8}.Debug|x64.Build.0 = Debug|x64
		{47C94CD8-F644-4801-92B0-A01A151BC6D8}.Debug|x86.ActiveCfg = Debug|Win32
		{47C94CD8-F644-4801-92B0-A01A151BC6D8}.Debug|x86.Build.0 = Debug|Win32
		{47C94CD8-F644-4801-92B0-A01A151BC6D8}.Release|x64.ActiveCfg = Release|x64
		{47C94CD8-F644-4801-92B0-A01A151BC6D8}.Release|x64.Build.0 = Release|x64
		{47C94CD8-F644-4801-92B0-A01A151BC6D8}.Release|x86.ActiveCfg = Release|Win32
		{47C94CD8-F644-4801-92B0-A01A151BC6D8}.Release|x86.Build.0 = Release|Win32
		{E42A97EE-B30C-453E-9FEA-126D604DB428}.Debug|x64.ActiveCfg = Debug|x64
		{E42A97EE-B30C-453E-9FEA-126D604DB428}.Debug|x64.Build.0 = Debug|x64
		{E42A97EE-B30C-453E-9FEA-126D604DB428}.Debug|x86.ActiveCfg = Debug|Win32
		{E42A97EE-B30C-453E-9FEA-126D604DB428}.Debug|x86.Build.0 = Debug|Win32
		{E42A97EE-B30C-453E-9FEA-126D604DB428}.Release|x64.ActiveCfg = Release|x64
		{E42A97EE-B30C-453E-9FEA-126D604DB428}.Release|x64.Build.0 = Release|x64
		{E42A97EE-B30C-453E-9FEA-126D604DB428}.Release|x86.ActiveCfg = Release|Win32
		{E42A97EE-B30C-453E-9FEA-126D604DB428}.Release|x86.Build.0 = Release|Win32
		{96307D28-3A88-4802-BB27-A6741ED60A57}.Debug|x64.ActiveCfg = Debug|x64
		{96307D28-3A88-4802-BB27-A6741ED60A57}.Debug|x64.Build.0 = Debug|x64
		{96307D28-3A88-4802-BB27-A6741ED60A57}.Debug|x86.ActiveCfg = Debug|Win32
		{96307D28-3A88-4802-BB27-A6741ED60A57}.Debug|x86.Build.0 = Debug|Win32
		{96307D28-3A88-4802-BB27-A6741ED60A57}.Release|x64.ActiveCfg = Release|x64
		{96307D28-3A88-4802-BB27-A6741ED60A57}.Release|x64.Build.0 = Release|x64
		{96307D28-3A88-4802-BB27-A6741ED60A57}.Release|x86.ActiveCfg = Release|Win32
		{96307D28-3A88-4802-BB27-A6741ED60A57}.Release|x86.Build.0 = Release|Win32
		{9C11DB79-2D96-4DCE-AC68-41DBAF7A377D}.Debug|x64.ActiveCfg = Debug|x64
		{9C11DB79-2D96-4DCE-AC68-41DBAF7A377D}.Debug|x64.Build.0 = Debug|x64
		{9C11DB79-2D96-4DCE-AC68-41DBAF7A377D}.Debug|x86.ActiveCfg = Debug|Win32
		{9C11DB79-2D96-4DCE-AC68-41DBAF7A377D}.Debug|x86.Build.0 = Debug|Win32
		{9C11DB79-2D96-4DCE-AC68-41DBAF7A377D}.Release|x64.ActiveCfg = Release|x64
		{9C11DB79-2D96-4DCE-AC68-41DBAF7A377D}.Release|x64.Build.0 = Release|x64
		{9C11DB79-2D96-4DCE-AC68-41DBAF7A377D}.Release|x86.ActiveCfg = Release|Win32
		{9C11DB79-2D96-4DCE-AC68-41DBAF7A377D}.Release|x86.Build.0 = Release|Win32
		{071E3A41-8CEA-44FF-8206-A7D113420FC8}.Debug|x64.ActiveCfg = Debug|x64
		{071E3A41-8CEA-44FF-8206-A7D113420FC8}.Debug|x64.Build.0 = Debug|x64
		{071E3A41-8CEA-44FF-8206-A7D113420FC8}.Debug|x86.ActiveCfg = Debug|Win32
		{071E3A41-8CEA-44FF-8206-A7D113420FC8}.Debug|x86.Build.0 = Debug|Win32
		{071E3A41-8CEA-44FF-8206-A7D113420FC8}.Release|x64.ActiveCfg = Release|x64
		{071E3A41-8CEA-44FF-8206-A7D113420FC8}.Release|x64.Build.0 = Release|x64
		{071E3A41-8CEA-44FF-8206-A7D113420FC8}.Release|x86.ActiveCfg = Release|Win32
		{071E3A41-8CEA-44FF-8206-A7D113420FC8}.Release|x86.Build.0 = Release|Win32
		{EA7F6210-3819-4F75-8989-76959571A1DE}.Debug|x64.ActiveCfg = Debug|x64
		{EA7F6210-3819-4F75-8989-76959571A1DE}.Debug|x64.Build.0 = Debug|x64
		{EA7F6210-3819-4F75-8989-76959571A1DE}.Debug|x86.ActiveCfg = Debug|Win32
		{EA7F6210-3819-4F75-8989-76959571A1DE}.Debug|x86.Build.0 = Debug|Win32
		{EA7F6210-3819-4F75-8989-76959571A1DE}.Release|x64.ActiveCfg = Release|x64
		{EA7F6210-3819-4F75-8989-76959571A1DE}.Release|x64.Build.0 = Release|x64
		{EA7F6210-3819-4F75-8989-76959571A1DE}.Release|x86.ActiveCfg = Release|Win32
		{EA7F6210-3819-4F75-8989-76959571A1DE}.Release|x86.Build.0 = Release|Win32
		{E8CADB57-E310-42FF-AC95-771FB54B4A0E}.Debug|x64.ActiveCfg = Debug|x64
		{E8CADB57-E310-42FF-AC95-771FB54B4A0E}.Debug|x64.Build.0 = Debug|x64
		{E8CADB57-E310-42FF-AC95-771FB54B4A0E}.Debug|x86.ActiveCfg = Debug|Win32
		{E8CADB57-E310-42FF-AC95-771FB54B4A0E}.Debug|x86.Build.0 = Debug|Win32
		{E8CADB57-E310-42FF-AC95-771FB54B4A0E}.Release|x64.ActiveCfg = Release|x64
		{E8CADB57-E310-42FF-AC95-771FB54B4A0E}.Release|x64.Build.0 = Release|x64
		{E8CADB57-E310-42FF-AC95-771FB54B4A0E}.Release|x86.ActiveCfg = Release|Win32
		{E8CADB57-E310-42FF-AC95-771FB54B4A0E}.Release|x86.Build.0 = Release|Win32
		{B071B06B-432E-46C9-A74E-326B282C1AAC}.Debug|x64.ActiveCfg = Debug|x64
		{B071B06B-432E-46C9-A74E-326B282C1AAC}.Debug|x64.Build.0 = Debug|x64
		{B071B06B-432E-46C9-A74E-326B282C1AAC}.Debug|x86.ActiveCfg = Debug|Win32
		{B071B06B-432E-46C9-A74E-326B282C1AAC}.Debug|x86.Build.0 = Debug|Win32
		{B071B06B-432E-46C9-A74E-326B282C1AAC}.Release|x64.ActiveCfg = Release|x64
		{B071B06B-432E-46C9-A74E-326B282C1AAC}.Release|x64.Build.0 = Release|x64
		{B071B06B-432E-46C9-A74E-326B282C1AAC}.Release|x86.ActiveCfg = Release|Win32
		{B071B06B-432E-46C9-A74E-326B282C1AAC}.Release|x86.Build.0 = Release|Win32
		{D09182EF-05B7-4BB9-B5F3-9A655D6F700A}.Debug|x64.ActiveCfg = Debug|x64
		{D09182EF-05B7-4BB9-B5F3-9A655D6F700A}.Debug|x64.Build.0 = Debug|x64
		{D09182EF-05B7-4BB9-B5F3-9A655D6F700A}.Debug|x86.ActiveCfg = Debug|Win32
		{D09182EF-05B7-4BB9-B5F3-9A655D6F700A}.Debug|x86.Build.0 = Debug|Win32
		{D09182EF-05B7-4BB9-B5F3-9A655D6F700A}.Release|x64.ActiveCfg = Release|x64
		{D09182EF-05B7-4BB9-B5F3-9A655D6F700A}.Release|x64.Build.0 = Release|x64
		{D09182EF-05B7-4BB9-B5F3-9A655D6F700A}.Release|x86.ActiveCfg = Release|Win32
		{D09182EF-05B7-4BB9-B5F3-9A655D6F700A}.Release|x86.Build.0 = Release|Win32
		{7DFC8891-2BDD-4617-AF9B-2AEC1428FDBE}.Debug|x64.ActiveCfg = Debug|x64
		{7DFC8891-2BDD-4617-AF9B-2AEC1428FDBE}.Debug|x64.Build.0 = Debug|x64
		{7DFC8891-2BDD-4617-AF9B-2AEC1428FDBE}.Debug|x86.ActiveCfg = Debug|Win32
		{7DFC8891-2BDD-4617-AF9B-2AEC1428FDBE}.Debug|x86.Build.0 = Debug|Win32
		{7DFC8891-2BDD-4617-AF9B-2AEC1428FDBE}.Release|x64.ActiveCfg = Release|x64
		{7DFC8891-2BDD-4617-AF9B-2AEC1428FDBE}.Release|x64.Build.0 = Release|x64
		{7DFC8891-2BDD-4617-AF9B-2AEC1428FDBE}.Release|x86.ActiveCfg = Release|Win32
		{7DFC8891-2BDD-4617-AF9B-2AEC1428FDBE}.Release|x86.Build.0 = Release|Win32
		{36466D89-4B4A-48E0-BA2F-00B2E8FCD816}.Debug|x64.ActiveCfg = Debug|x64
		{36466D89-4B4A-48E0-BA2F-00B2E8FCD816}.Debug|x64.Build.0 = Debug|x64
		{36466D89-4B4A-48E0-BA2F-00B2E8FCD816}.Debug|x86.ActiveCfg = Debug|Win32
		{36466D89-4B4A-48E0-BA2F-00B2E8FCD816}.Debug|x86.Build.0 = Debug|Win32
		{36466D89-4B4A-48E0-BA2F-00B2E8FCD816}.Release|x64.ActiveCfg = Release|x64
		{36466D89-4B4A-48E0-BA2F-00B2E8FCD816}.Release|x64.Build.0 = Release|x64
		{36466D89-4B4A-48E0-BA2F-00B2E8FCD816}.Release|x86.ActiveCfg = Release|Win32
		{36466D89-4B4A-48E0-BA2F-00B2E8FCD816}.Release|x86.Build.0 = Release|Win32
		{30D19E3F-8A90-418A-BA9E-8E05A098C5F3}.Debug|x64.ActiveCfg = Debug|x64
		{30D19E3F-8A90-418A-BA9E-8E05A098C5F3}.Debug|x64.Build.0 = Debug|x64
		{30D19E3F-8A90-418A-BA9E-8E05A098C5F3}.Debug|x86.ActiveCfg = Debug|Win32
		{30D19E3F-8A90-418A-BA9E-8E05A098C5F3}.Debug|x86.Build.0 = Debug|Win32
		{30D19E3F-8A90-418A-BA9E-8E05A098C5F3}.Release|x64.ActiveCfg = Release|x64
		{30D19E3F-8A90-418A-BA9E-8E05A098C5F3}.Release|x64.Build.0 = Release|x64
		{30D19E3F-8A90-418A-BA9E-8E05A098C5F3}.Release|x86.ActiveCfg = Release|Win32
		{30D19E3F-8A90-418A-BA9E-8E05A098C5F3}.Release|x86.Build.0 = Release|Win32
		{29C880F2-7E2C-4A2B-A92F-C22786EA5C77}.Debug|x64.ActiveCfg = Debug|x64
		{29C880F2-7E2C-4A2B-A92F-C22786EA5C77}.Debug|x64.Build.0 = Debug|x64
		{29C880F2-7E2C-4A2B-A92F-C22786EA5C77}.Debug|x86.ActiveCfg = Debug|Win32
		{29C880F2-7E2C-4A2B-A92F-C22786EA5C77}.Debug|x86.Build.0 = Debug|Win32
		{29C880F2-7E2C-4A2B-A92F-C22786EA5C77}.Release|x64.ActiveCfg = Release|x64
		{29C880F2-7E2C-4A2B-A92F-C22786EA5C77}.Release|x64.Build.0 = Release|x64
		{29C880F2-7E2C-4A2B-A92F-C22786EA5C77}.Release|x86.ActiveCfg = Release|Win32
		{29C880F2-7E2C-4A2B-A92F-C22786EA5C77}.Release|x86.Build.0 = Release|Win32
		{F3506CDA-51CF-433E-8023-7B5A3020C6F8}.Debug|x64.ActiveCfg = Debug|x64
		{F3506CDA-51CF-433E-8023-7B5A3020C6F8}.Debug|x64.Build.0 = Debug|x64
		{F3506CDA-51CF-433E-8023-7B5A3020C6F8}.Debug|x86.ActiveCfg = Debug|Win32
		{F3506CDA-51CF-433E-8023-7B5A3020C6F8}.Debug|x86.Build.0 = Debug|Win32
		{F3506CDA-51CF-433E-8023-7B5A3020C6F8}.Release|x64.ActiveCfg = Release|x64
		{F3506CDA-51CF-433E-8023-7B5A3020C6F8}.Release|x64.Build.0 = Release|x64
		{F3506CDA-51CF-433E-8023-7B5A3020C6F8}.Release|x86.ActiveCfg = Release|Win32
		{F3506CDA-51CF-433E-8023-7B5A3020C6F8}.Release|x86.Build.0 = Release|Win32
	EndGlobalSection
	GlobalSection(SolutionProperties) = preSolution
		HideSolutionNode = FALSE
	EndGlobalSection
	GlobalSection(ExtensibilityGlobals) = postSolution
		SolutionGuid = {01F98F8B-A467-43A5-ABCC-F540AD76B5CD}
	EndGlobalSection
EndGlobal
